// !$*UTF8*$!
{
	archiveVersion = 1;
	classes = {
	};
	objectVersion = 46;
	objects = {

/* Begin PBXBuildFile section */
		4BC91F311A415297006193DA /* main.m in Sources */ = {isa = PBXBuildFile; fileRef = 4BC91F301A415297006193DA /* main.m */; };
		4BC91F341A415297006193DA /* AppDelegate.m in Sources */ = {isa = PBXBuildFile; fileRef = 4BC91F331A415297006193DA /* AppDelegate.m */; };
		4BC91F371A415297006193DA /* MTLSqlAdapter.xcdatamodeld in Sources */ = {isa = PBXBuildFile; fileRef = 4BC91F351A415297006193DA /* MTLSqlAdapter.xcdatamodeld */; };
		4BC91F3A1A415297006193DA /* ViewController.m in Sources */ = {isa = PBXBuildFile; fileRef = 4BC91F391A415297006193DA /* ViewController.m */; };
		4BC91F3D1A415297006193DA /* Main.storyboard in Resources */ = {isa = PBXBuildFile; fileRef = 4BC91F3B1A415297006193DA /* Main.storyboard */; };
		4BC91F3F1A415297006193DA /* Images.xcassets in Resources */ = {isa = PBXBuildFile; fileRef = 4BC91F3E1A415297006193DA /* Images.xcassets */; };
		4BC91F421A415297006193DA /* LaunchScreen.xib in Resources */ = {isa = PBXBuildFile; fileRef = 4BC91F401A415297006193DA /* LaunchScreen.xib */; };
		4BC91F4E1A415297006193DA /* MTLSqlAdapterTests.m in Sources */ = {isa = PBXBuildFile; fileRef = 4BC91F4D1A415297006193DA /* MTLSqlAdapterTests.m */; };
		4BC91FA31A4154F3006193DA /* AFHTTPRequestOperation.m in Sources */ = {isa = PBXBuildFile; fileRef = 4BC91F5A1A4154F3006193DA /* AFHTTPRequestOperation.m */; };
		4BC91FA41A4154F3006193DA /* AFHTTPRequestOperationManager.m in Sources */ = {isa = PBXBuildFile; fileRef = 4BC91F5C1A4154F3006193DA /* AFHTTPRequestOperationManager.m */; };
		4BC91FA51A4154F3006193DA /* AFHTTPSessionManager.m in Sources */ = {isa = PBXBuildFile; fileRef = 4BC91F5E1A4154F3006193DA /* AFHTTPSessionManager.m */; };
		4BC91FA61A4154F3006193DA /* AFNetworkReachabilityManager.m in Sources */ = {isa = PBXBuildFile; fileRef = 4BC91F611A4154F3006193DA /* AFNetworkReachabilityManager.m */; };
		4BC91FA71A4154F3006193DA /* AFSecurityPolicy.m in Sources */ = {isa = PBXBuildFile; fileRef = 4BC91F631A4154F3006193DA /* AFSecurityPolicy.m */; };
		4BC91FA81A4154F3006193DA /* AFURLConnectionOperation.m in Sources */ = {isa = PBXBuildFile; fileRef = 4BC91F651A4154F3006193DA /* AFURLConnectionOperation.m */; };
		4BC91FA91A4154F3006193DA /* AFURLRequestSerialization.m in Sources */ = {isa = PBXBuildFile; fileRef = 4BC91F671A4154F3006193DA /* AFURLRequestSerialization.m */; };
		4BC91FAA1A4154F3006193DA /* AFURLResponseSerialization.m in Sources */ = {isa = PBXBuildFile; fileRef = 4BC91F691A4154F3006193DA /* AFURLResponseSerialization.m */; };
		4BC91FAB1A4154F3006193DA /* AFURLSessionManager.m in Sources */ = {isa = PBXBuildFile; fileRef = 4BC91F6B1A4154F3006193DA /* AFURLSessionManager.m */; };
		4BC91FAC1A4154F3006193DA /* AFNetworkActivityIndicatorManager.m in Sources */ = {isa = PBXBuildFile; fileRef = 4BC91F6E1A4154F3006193DA /* AFNetworkActivityIndicatorManager.m */; };
		4BC91FAD1A4154F3006193DA /* UIActivityIndicatorView+AFNetworking.m in Sources */ = {isa = PBXBuildFile; fileRef = 4BC91F701A4154F3006193DA /* UIActivityIndicatorView+AFNetworking.m */; };
		4BC91FAE1A4154F3006193DA /* UIAlertView+AFNetworking.m in Sources */ = {isa = PBXBuildFile; fileRef = 4BC91F721A4154F3006193DA /* UIAlertView+AFNetworking.m */; };
		4BC91FAF1A4154F3006193DA /* UIButton+AFNetworking.m in Sources */ = {isa = PBXBuildFile; fileRef = 4BC91F741A4154F3006193DA /* UIButton+AFNetworking.m */; };
		4BC91FB01A4154F3006193DA /* UIImageView+AFNetworking.m in Sources */ = {isa = PBXBuildFile; fileRef = 4BC91F761A4154F3006193DA /* UIImageView+AFNetworking.m */; };
		4BC91FB11A4154F3006193DA /* UIProgressView+AFNetworking.m in Sources */ = {isa = PBXBuildFile; fileRef = 4BC91F791A4154F3006193DA /* UIProgressView+AFNetworking.m */; };
		4BC91FB21A4154F3006193DA /* UIRefreshControl+AFNetworking.m in Sources */ = {isa = PBXBuildFile; fileRef = 4BC91F7B1A4154F3006193DA /* UIRefreshControl+AFNetworking.m */; };
		4BC91FB31A4154F3006193DA /* UIWebView+AFNetworking.m in Sources */ = {isa = PBXBuildFile; fileRef = 4BC91F7D1A4154F3006193DA /* UIWebView+AFNetworking.m */; };
		4BC91FB41A4154F3006193DA /* EXTRuntimeExtensions.m in Sources */ = {isa = PBXBuildFile; fileRef = 4BC91F821A4154F3006193DA /* EXTRuntimeExtensions.m */; };
		4BC91FB51A4154F3006193DA /* EXTScope.m in Sources */ = {isa = PBXBuildFile; fileRef = 4BC91F841A4154F3006193DA /* EXTScope.m */; };
		4BC91FB61A4154F3006193DA /* Info.plist in Resources */ = {isa = PBXBuildFile; fileRef = 4BC91F861A4154F3006193DA /* Info.plist */; };
		4BC91FB71A4154F3006193DA /* MTLJSONAdapter.m in Sources */ = {isa = PBXBuildFile; fileRef = 4BC91F891A4154F3006193DA /* MTLJSONAdapter.m */; };
		4BC91FB81A4154F3006193DA /* MTLManagedObjectAdapter.m in Sources */ = {isa = PBXBuildFile; fileRef = 4BC91F8B1A4154F3006193DA /* MTLManagedObjectAdapter.m */; };
		4BC91FB91A4154F3006193DA /* MTLModel+NSCoding.m in Sources */ = {isa = PBXBuildFile; fileRef = 4BC91F8D1A4154F3006193DA /* MTLModel+NSCoding.m */; };
		4BC91FBA1A4154F3006193DA /* MTLModel.m in Sources */ = {isa = PBXBuildFile; fileRef = 4BC91F8F1A4154F3006193DA /* MTLModel.m */; };
		4BC91FBB1A4154F3006193DA /* MTLReflection.m in Sources */ = {isa = PBXBuildFile; fileRef = 4BC91F911A4154F3006193DA /* MTLReflection.m */; };
		4BC91FBC1A4154F3006193DA /* MTLValueTransformer.m in Sources */ = {isa = PBXBuildFile; fileRef = 4BC91F931A4154F3006193DA /* MTLValueTransformer.m */; };
		4BC91FBD1A4154F3006193DA /* NSArray+MTLManipulationAdditions.m in Sources */ = {isa = PBXBuildFile; fileRef = 4BC91F951A4154F3006193DA /* NSArray+MTLManipulationAdditions.m */; };
		4BC91FBE1A4154F3006193DA /* NSDictionary+MTLManipulationAdditions.m in Sources */ = {isa = PBXBuildFile; fileRef = 4BC91F971A4154F3006193DA /* NSDictionary+MTLManipulationAdditions.m */; };
		4BC91FBF1A4154F3006193DA /* NSError+MTLModelException.m in Sources */ = {isa = PBXBuildFile; fileRef = 4BC91F991A4154F3006193DA /* NSError+MTLModelException.m */; };
		4BC91FC01A4154F3006193DA /* NSObject+MTLComparisonAdditions.m in Sources */ = {isa = PBXBuildFile; fileRef = 4BC91F9B1A4154F3006193DA /* NSObject+MTLComparisonAdditions.m */; };
		4BC91FC11A4154F3006193DA /* NSValueTransformer+MTLInversionAdditions.m in Sources */ = {isa = PBXBuildFile; fileRef = 4BC91F9D1A4154F3006193DA /* NSValueTransformer+MTLInversionAdditions.m */; };
		4BC91FC21A4154F3006193DA /* NSValueTransformer+MTLPredefinedTransformerAdditions.m in Sources */ = {isa = PBXBuildFile; fileRef = 4BC91F9F1A4154F3006193DA /* NSValueTransformer+MTLPredefinedTransformerAdditions.m */; };
		4BC91FC31A4154F3006193DA /* MTLFMDBAdapter.m in Sources */ = {isa = PBXBuildFile; fileRef = 4BC91FA21A4154F3006193DA /* MTLFMDBAdapter.m */; };
		4BC91FDD1A4155DA006193DA /* FMDatabase+FTS3.m in Sources */ = {isa = PBXBuildFile; fileRef = 4BC91FC81A4155DA006193DA /* FMDatabase+FTS3.m */; };
		4BC91FDE1A4155DA006193DA /* FMTokenizers.m in Sources */ = {isa = PBXBuildFile; fileRef = 4BC91FCA1A4155DA006193DA /* FMTokenizers.m */; };
		4BC91FDF1A4155DA006193DA /* FMDatabase+InMemoryOnDiskIO.m in Sources */ = {isa = PBXBuildFile; fileRef = 4BC91FCE1A4155DA006193DA /* FMDatabase+InMemoryOnDiskIO.m */; };
		4BC91FE11A4155DA006193DA /* FMDatabase.m in Sources */ = {isa = PBXBuildFile; fileRef = 4BC91FD31A4155DA006193DA /* FMDatabase.m */; };
		4BC91FE21A4155DA006193DA /* FMDatabaseAdditions.m in Sources */ = {isa = PBXBuildFile; fileRef = 4BC91FD51A4155DA006193DA /* FMDatabaseAdditions.m */; };
		4BC91FE31A4155DA006193DA /* FMDatabasePool.m in Sources */ = {isa = PBXBuildFile; fileRef = 4BC91FD71A4155DA006193DA /* FMDatabasePool.m */; };
		4BC91FE41A4155DA006193DA /* FMDatabaseQueue.m in Sources */ = {isa = PBXBuildFile; fileRef = 4BC91FD91A4155DA006193DA /* FMDatabaseQueue.m */; };
		4BC91FE51A4155DA006193DA /* FMResultSet.m in Sources */ = {isa = PBXBuildFile; fileRef = 4BC91FDC1A4155DA006193DA /* FMResultSet.m */; };
		4BC91FE81A415695006193DA /* libsqlite3.dylib in Frameworks */ = {isa = PBXBuildFile; fileRef = 4BC91FE71A415695006193DA /* libsqlite3.dylib */; };
		4BC920581A415945006193DA /* CAIClient.m in Sources */ = {isa = PBXBuildFile; fileRef = 4BC91FEB1A415945006193DA /* CAIClient.m */; };
		4BC920591A415945006193DA /* CAINet.m in Sources */ = {isa = PBXBuildFile; fileRef = 4BC91FED1A415945006193DA /* CAINet.m */; };
		4BC9205A1A415945006193DA /* CAINetPasser.m in Sources */ = {isa = PBXBuildFile; fileRef = 4BC91FEF1A415945006193DA /* CAINetPasser.m */; };
		4BC9205B1A415945006193DA /* HTTPHeader.m in Sources */ = {isa = PBXBuildFile; fileRef = 4BC91FF11A415945006193DA /* HTTPHeader.m */; };
		4BC9205C1A415945006193DA /* CAIAuthor.m in Sources */ = {isa = PBXBuildFile; fileRef = 4BC91FF51A415945006193DA /* CAIAuthor.m */; };
		4BC9205D1A415945006193DA /* CAIAuthorNewsListResult.m in Sources */ = {isa = PBXBuildFile; fileRef = 4BC91FF71A415945006193DA /* CAIAuthorNewsListResult.m */; };
		4BC9205E1A415945006193DA /* CAIAuthorSyncResult.m in Sources */ = {isa = PBXBuildFile; fileRef = 4BC91FF91A415945006193DA /* CAIAuthorSyncResult.m */; };
		4BC9205F1A415945006193DA /* CAICollection.m in Sources */ = {isa = PBXBuildFile; fileRef = 4BC91FFC1A415945006193DA /* CAICollection.m */; };
		4BC920601A415945006193DA /* CAICollectionResult.m in Sources */ = {isa = PBXBuildFile; fileRef = 4BC91FFE1A415945006193DA /* CAICollectionResult.m */; };
		4BC920611A415945006193DA /* CAICommentPublishResult.m in Sources */ = {isa = PBXBuildFile; fileRef = 4BC920011A415945006193DA /* CAICommentPublishResult.m */; };
		4BC920621A415945006193DA /* CAILabel.m in Sources */ = {isa = PBXBuildFile; fileRef = 4BC920041A415945006193DA /* CAILabel.m */; };
		4BC920631A415945006193DA /* CAILabelListResult.m in Sources */ = {isa = PBXBuildFile; fileRef = 4BC920061A415945006193DA /* CAILabelListResult.m */; };
		4BC920641A415945006193DA /* CAIMessageAuthenticationResult.m in Sources */ = {isa = PBXBuildFile; fileRef = 4BC920091A415945006193DA /* CAIMessageAuthenticationResult.m */; };
		4BC920651A415945006193DA /* CAIMessage.m in Sources */ = {isa = PBXBuildFile; fileRef = 4BC9200C1A415945006193DA /* CAIMessage.m */; };
		4BC920661A415945006193DA /* CAIMyMessageResult.m in Sources */ = {isa = PBXBuildFile; fileRef = 4BC9200E1A415945006193DA /* CAIMyMessageResult.m */; };
		4BC920671A415945006193DA /* CAIComment.m in Sources */ = {isa = PBXBuildFile; fileRef = 4BC920111A415945006193DA /* CAIComment.m */; };
		4BC920681A415945006193DA /* CAINewsCommentResult.m in Sources */ = {isa = PBXBuildFile; fileRef = 4BC920131A415945006193DA /* CAINewsCommentResult.m */; };
		4BC920691A415945006193DA /* CAINewsContent.m in Sources */ = {isa = PBXBuildFile; fileRef = 4BC920161A415945006193DA /* CAINewsContent.m */; };
		4BC9206A1A415945006193DA /* CAINewsContentResult.m in Sources */ = {isa = PBXBuildFile; fileRef = 4BC920181A415945006193DA /* CAINewsContentResult.m */; };
		4BC9206B1A415945006193DA /* CAINews.m in Sources */ = {isa = PBXBuildFile; fileRef = 4BC9201B1A415945006193DA /* CAINews.m */; };
		4BC9206C1A415945006193DA /* CAINewsList.m in Sources */ = {isa = PBXBuildFile; fileRef = 4BC9201D1A415945006193DA /* CAINewsList.m */; };
		4BC9206D1A415945006193DA /* CAISlide.m in Sources */ = {isa = PBXBuildFile; fileRef = 4BC9201F1A415945006193DA /* CAISlide.m */; };
		4BC9206E1A415945006193DA /* CAINonDatasResult.m in Sources */ = {isa = PBXBuildFile; fileRef = 4BC920221A415945006193DA /* CAINonDatasResult.m */; };
		4BC9206F1A415945006193DA /* CAIPushDetailResult.m in Sources */ = {isa = PBXBuildFile; fileRef = 4BC920251A415945006193DA /* CAIPushDetailResult.m */; };
		4BC920701A415945006193DA /* CAIRegistedUser.m in Sources */ = {isa = PBXBuildFile; fileRef = 4BC920281A415945006193DA /* CAIRegistedUser.m */; };
		4BC920711A415945006193DA /* CAIRegistOrLoginResult.m in Sources */ = {isa = PBXBuildFile; fileRef = 4BC9202A1A415945006193DA /* CAIRegistOrLoginResult.m */; };
		4BC920721A415945006193DA /* CAIAd.m in Sources */ = {isa = PBXBuildFile; fileRef = 4BC9202D1A415945006193DA /* CAIAd.m */; };
		4BC920731A415945006193DA /* CAICate.m in Sources */ = {isa = PBXBuildFile; fileRef = 4BC9202F1A415945006193DA /* CAICate.m */; };
		4BC920741A415945006193DA /* CAIReportResult.m in Sources */ = {isa = PBXBuildFile; fileRef = 4BC920311A415945006193DA /* CAIReportResult.m */; };
		4BC920751A415945006193DA /* CAISpecail.m in Sources */ = {isa = PBXBuildFile; fileRef = 4BC920341A415945006193DA /* CAISpecail.m */; };
		4BC920761A415945006193DA /* CAISpecailListResult.m in Sources */ = {isa = PBXBuildFile; fileRef = 4BC920361A415945006193DA /* CAISpecailListResult.m */; };
		4BC920771A415945006193DA /* CAISubsribe.m in Sources */ = {isa = PBXBuildFile; fileRef = 4BC920391A415945006193DA /* CAISubsribe.m */; };
		4BC920781A415945006193DA /* CAISubsribeResult.m in Sources */ = {isa = PBXBuildFile; fileRef = 4BC9203B1A415945006193DA /* CAISubsribeResult.m */; };
		4BC920791A415945006193DA /* CAIUpgradeResult.m in Sources */ = {isa = PBXBuildFile; fileRef = 4BC9203E1A415945006193DA /* CAIUpgradeResult.m */; };
		4BC9207A1A415945006193DA /* CAIUploadImageResult.m in Sources */ = {isa = PBXBuildFile; fileRef = 4BC920411A415945006193DA /* CAIUploadImageResult.m */; };
		4BC9207B1A415945006193DA /* CAIYiyantangComment.m in Sources */ = {isa = PBXBuildFile; fileRef = 4BC920441A415945006193DA /* CAIYiyantangComment.m */; };
		4BC9207C1A415945006193DA /* CAIYiyantangCommentListResult.m in Sources */ = {isa = PBXBuildFile; fileRef = 4BC920461A415945006193DA /* CAIYiyantangCommentListResult.m */; };
		4BC9207D1A415945006193DA /* CAIYiyantanContentHeader.m in Sources */ = {isa = PBXBuildFile; fileRef = 4BC920491A415945006193DA /* CAIYiyantanContentHeader.m */; };
		4BC9207E1A415945006193DA /* CAIYiyantangContent.m in Sources */ = {isa = PBXBuildFile; fileRef = 4BC9204B1A415945006193DA /* CAIYiyantangContent.m */; };
		4BC9207F1A415945006193DA /* CAIYiyantangContentResult.m in Sources */ = {isa = PBXBuildFile; fileRef = 4BC9204D1A415945006193DA /* CAIYiyantangContentResult.m */; };
		4BC920801A415945006193DA /* CAIYiyantangMember.m in Sources */ = {isa = PBXBuildFile; fileRef = 4BC9204F1A415945006193DA /* CAIYiyantangMember.m */; };
		4BC920811A415945006193DA /* CAIYiyantang.m in Sources */ = {isa = PBXBuildFile; fileRef = 4BC920521A415945006193DA /* CAIYiyantang.m */; };
		4BC920821A415945006193DA /* CAIYiyantangListResult.m in Sources */ = {isa = PBXBuildFile; fileRef = 4BC920541A415945006193DA /* CAIYiyantangListResult.m */; };
		4BC920831A415945006193DA /* CAIYiyantangRefreshResult.m in Sources */ = {isa = PBXBuildFile; fileRef = 4BC920571A415945006193DA /* CAIYiyantangRefreshResult.m */; };
		4BC920881A415C46006193DA /* OpenUDID.m in Sources */ = {isa = PBXBuildFile; fileRef = 4BC920871A415C46006193DA /* OpenUDID.m */; settings = {COMPILER_FLAGS = "-fno-objc-arc"; }; };
		4BC9208B1A415C81006193DA /* MD5Tool.m in Sources */ = {isa = PBXBuildFile; fileRef = 4BC9208A1A415C81006193DA /* MD5Tool.m */; };
		4BC9208E1A415ECB006193DA /* CAIDataBase.m in Sources */ = {isa = PBXBuildFile; fileRef = 4BC9208D1A415ECB006193DA /* CAIDataBase.m */; };
/* End PBXBuildFile section */

/* Begin PBXContainerItemProxy section */
		4BC91F481A415297006193DA /* PBXContainerItemProxy */ = {
			isa = PBXContainerItemProxy;
			containerPortal = 4BC91F231A415297006193DA /* Project object */;
			proxyType = 1;
			remoteGlobalIDString = 4BC91F2A1A415297006193DA;
			remoteInfo = MTLSqlAdapter;
		};
/* End PBXContainerItemProxy section */

/* Begin PBXFileReference section */
		4BC91F2B1A415297006193DA /* MTLSqlAdapter.app */ = {isa = PBXFileReference; explicitFileType = wrapper.application; includeInIndex = 0; path = MTLSqlAdapter.app; sourceTree = BUILT_PRODUCTS_DIR; };
		4BC91F2F1A415297006193DA /* Info.plist */ = {isa = PBXFileReference; lastKnownFileType = text.plist.xml; path = Info.plist; sourceTree = "<group>"; };
		4BC91F301A415297006193DA /* main.m */ = {isa = PBXFileReference; lastKnownFileType = sourcecode.c.objc; path = main.m; sourceTree = "<group>"; };
		4BC91F321A415297006193DA /* AppDelegate.h */ = {isa = PBXFileReference; lastKnownFileType = sourcecode.c.h; path = AppDelegate.h; sourceTree = "<group>"; };
		4BC91F331A415297006193DA /* AppDelegate.m */ = {isa = PBXFileReference; lastKnownFileType = sourcecode.c.objc; path = AppDelegate.m; sourceTree = "<group>"; };
		4BC91F361A415297006193DA /* MTLSqlAdapter.xcdatamodel */ = {isa = PBXFileReference; lastKnownFileType = wrapper.xcdatamodel; path = MTLSqlAdapter.xcdatamodel; sourceTree = "<group>"; };
		4BC91F381A415297006193DA /* ViewController.h */ = {isa = PBXFileReference; lastKnownFileType = sourcecode.c.h; path = ViewController.h; sourceTree = "<group>"; };
		4BC91F391A415297006193DA /* ViewController.m */ = {isa = PBXFileReference; lastKnownFileType = sourcecode.c.objc; path = ViewController.m; sourceTree = "<group>"; };
		4BC91F3C1A415297006193DA /* Base */ = {isa = PBXFileReference; lastKnownFileType = file.storyboard; name = Base; path = Base.lproj/Main.storyboard; sourceTree = "<group>"; };
		4BC91F3E1A415297006193DA /* Images.xcassets */ = {isa = PBXFileReference; lastKnownFileType = folder.assetcatalog; path = Images.xcassets; sourceTree = "<group>"; };
		4BC91F411A415297006193DA /* Base */ = {isa = PBXFileReference; lastKnownFileType = file.xib; name = Base; path = Base.lproj/LaunchScreen.xib; sourceTree = "<group>"; };
		4BC91F471A415297006193DA /* MTLSqlAdapterTests.xctest */ = {isa = PBXFileReference; explicitFileType = wrapper.cfbundle; includeInIndex = 0; path = MTLSqlAdapterTests.xctest; sourceTree = BUILT_PRODUCTS_DIR; };
		4BC91F4C1A415297006193DA /* Info.plist */ = {isa = PBXFileReference; lastKnownFileType = text.plist.xml; path = Info.plist; sourceTree = "<group>"; };
		4BC91F4D1A415297006193DA /* MTLSqlAdapterTests.m */ = {isa = PBXFileReference; lastKnownFileType = sourcecode.c.objc; path = MTLSqlAdapterTests.m; sourceTree = "<group>"; };
		4BC91F591A4154F3006193DA /* AFHTTPRequestOperation.h */ = {isa = PBXFileReference; fileEncoding = 4; lastKnownFileType = sourcecode.c.h; path = AFHTTPRequestOperation.h; sourceTree = "<group>"; };
		4BC91F5A1A4154F3006193DA /* AFHTTPRequestOperation.m */ = {isa = PBXFileReference; fileEncoding = 4; lastKnownFileType = sourcecode.c.objc; path = AFHTTPRequestOperation.m; sourceTree = "<group>"; };
		4BC91F5B1A4154F3006193DA /* AFHTTPRequestOperationManager.h */ = {isa = PBXFileReference; fileEncoding = 4; lastKnownFileType = sourcecode.c.h; path = AFHTTPRequestOperationManager.h; sourceTree = "<group>"; };
		4BC91F5C1A4154F3006193DA /* AFHTTPRequestOperationManager.m */ = {isa = PBXFileReference; fileEncoding = 4; lastKnownFileType = sourcecode.c.objc; path = AFHTTPRequestOperationManager.m; sourceTree = "<group>"; };
		4BC91F5D1A4154F3006193DA /* AFHTTPSessionManager.h */ = {isa = PBXFileReference; fileEncoding = 4; lastKnownFileType = sourcecode.c.h; path = AFHTTPSessionManager.h; sourceTree = "<group>"; };
		4BC91F5E1A4154F3006193DA /* AFHTTPSessionManager.m */ = {isa = PBXFileReference; fileEncoding = 4; lastKnownFileType = sourcecode.c.objc; path = AFHTTPSessionManager.m; sourceTree = "<group>"; };
		4BC91F5F1A4154F3006193DA /* AFNetworking.h */ = {isa = PBXFileReference; fileEncoding = 4; lastKnownFileType = sourcecode.c.h; path = AFNetworking.h; sourceTree = "<group>"; };
		4BC91F601A4154F3006193DA /* AFNetworkReachabilityManager.h */ = {isa = PBXFileReference; fileEncoding = 4; lastKnownFileType = sourcecode.c.h; path = AFNetworkReachabilityManager.h; sourceTree = "<group>"; };
		4BC91F611A4154F3006193DA /* AFNetworkReachabilityManager.m */ = {isa = PBXFileReference; fileEncoding = 4; lastKnownFileType = sourcecode.c.objc; path = AFNetworkReachabilityManager.m; sourceTree = "<group>"; };
		4BC91F621A4154F3006193DA /* AFSecurityPolicy.h */ = {isa = PBXFileReference; fileEncoding = 4; lastKnownFileType = sourcecode.c.h; path = AFSecurityPolicy.h; sourceTree = "<group>"; };
		4BC91F631A4154F3006193DA /* AFSecurityPolicy.m */ = {isa = PBXFileReference; fileEncoding = 4; lastKnownFileType = sourcecode.c.objc; path = AFSecurityPolicy.m; sourceTree = "<group>"; };
		4BC91F641A4154F3006193DA /* AFURLConnectionOperation.h */ = {isa = PBXFileReference; fileEncoding = 4; lastKnownFileType = sourcecode.c.h; path = AFURLConnectionOperation.h; sourceTree = "<group>"; };
		4BC91F651A4154F3006193DA /* AFURLConnectionOperation.m */ = {isa = PBXFileReference; fileEncoding = 4; lastKnownFileType = sourcecode.c.objc; path = AFURLConnectionOperation.m; sourceTree = "<group>"; };
		4BC91F661A4154F3006193DA /* AFURLRequestSerialization.h */ = {isa = PBXFileReference; fileEncoding = 4; lastKnownFileType = sourcecode.c.h; path = AFURLRequestSerialization.h; sourceTree = "<group>"; };
		4BC91F671A4154F3006193DA /* AFURLRequestSerialization.m */ = {isa = PBXFileReference; fileEncoding = 4; lastKnownFileType = sourcecode.c.objc; path = AFURLRequestSerialization.m; sourceTree = "<group>"; };
		4BC91F681A4154F3006193DA /* AFURLResponseSerialization.h */ = {isa = PBXFileReference; fileEncoding = 4; lastKnownFileType = sourcecode.c.h; path = AFURLResponseSerialization.h; sourceTree = "<group>"; };
		4BC91F691A4154F3006193DA /* AFURLResponseSerialization.m */ = {isa = PBXFileReference; fileEncoding = 4; lastKnownFileType = sourcecode.c.objc; path = AFURLResponseSerialization.m; sourceTree = "<group>"; };
		4BC91F6A1A4154F3006193DA /* AFURLSessionManager.h */ = {isa = PBXFileReference; fileEncoding = 4; lastKnownFileType = sourcecode.c.h; path = AFURLSessionManager.h; sourceTree = "<group>"; };
		4BC91F6B1A4154F3006193DA /* AFURLSessionManager.m */ = {isa = PBXFileReference; fileEncoding = 4; lastKnownFileType = sourcecode.c.objc; path = AFURLSessionManager.m; sourceTree = "<group>"; };
		4BC91F6D1A4154F3006193DA /* AFNetworkActivityIndicatorManager.h */ = {isa = PBXFileReference; fileEncoding = 4; lastKnownFileType = sourcecode.c.h; path = AFNetworkActivityIndicatorManager.h; sourceTree = "<group>"; };
		4BC91F6E1A4154F3006193DA /* AFNetworkActivityIndicatorManager.m */ = {isa = PBXFileReference; fileEncoding = 4; lastKnownFileType = sourcecode.c.objc; path = AFNetworkActivityIndicatorManager.m; sourceTree = "<group>"; };
		4BC91F6F1A4154F3006193DA /* UIActivityIndicatorView+AFNetworking.h */ = {isa = PBXFileReference; fileEncoding = 4; lastKnownFileType = sourcecode.c.h; path = "UIActivityIndicatorView+AFNetworking.h"; sourceTree = "<group>"; };
		4BC91F701A4154F3006193DA /* UIActivityIndicatorView+AFNetworking.m */ = {isa = PBXFileReference; fileEncoding = 4; lastKnownFileType = sourcecode.c.objc; path = "UIActivityIndicatorView+AFNetworking.m"; sourceTree = "<group>"; };
		4BC91F711A4154F3006193DA /* UIAlertView+AFNetworking.h */ = {isa = PBXFileReference; fileEncoding = 4; lastKnownFileType = sourcecode.c.h; path = "UIAlertView+AFNetworking.h"; sourceTree = "<group>"; };
		4BC91F721A4154F3006193DA /* UIAlertView+AFNetworking.m */ = {isa = PBXFileReference; fileEncoding = 4; lastKnownFileType = sourcecode.c.objc; path = "UIAlertView+AFNetworking.m"; sourceTree = "<group>"; };
		4BC91F731A4154F3006193DA /* UIButton+AFNetworking.h */ = {isa = PBXFileReference; fileEncoding = 4; lastKnownFileType = sourcecode.c.h; path = "UIButton+AFNetworking.h"; sourceTree = "<group>"; };
		4BC91F741A4154F3006193DA /* UIButton+AFNetworking.m */ = {isa = PBXFileReference; fileEncoding = 4; lastKnownFileType = sourcecode.c.objc; path = "UIButton+AFNetworking.m"; sourceTree = "<group>"; };
		4BC91F751A4154F3006193DA /* UIImageView+AFNetworking.h */ = {isa = PBXFileReference; fileEncoding = 4; lastKnownFileType = sourcecode.c.h; path = "UIImageView+AFNetworking.h"; sourceTree = "<group>"; };
		4BC91F761A4154F3006193DA /* UIImageView+AFNetworking.m */ = {isa = PBXFileReference; fileEncoding = 4; lastKnownFileType = sourcecode.c.objc; path = "UIImageView+AFNetworking.m"; sourceTree = "<group>"; };
		4BC91F771A4154F3006193DA /* UIKit+AFNetworking.h */ = {isa = PBXFileReference; fileEncoding = 4; lastKnownFileType = sourcecode.c.h; path = "UIKit+AFNetworking.h"; sourceTree = "<group>"; };
		4BC91F781A4154F3006193DA /* UIProgressView+AFNetworking.h */ = {isa = PBXFileReference; fileEncoding = 4; lastKnownFileType = sourcecode.c.h; path = "UIProgressView+AFNetworking.h"; sourceTree = "<group>"; };
		4BC91F791A4154F3006193DA /* UIProgressView+AFNetworking.m */ = {isa = PBXFileReference; fileEncoding = 4; lastKnownFileType = sourcecode.c.objc; path = "UIProgressView+AFNetworking.m"; sourceTree = "<group>"; };
		4BC91F7A1A4154F3006193DA /* UIRefreshControl+AFNetworking.h */ = {isa = PBXFileReference; fileEncoding = 4; lastKnownFileType = sourcecode.c.h; path = "UIRefreshControl+AFNetworking.h"; sourceTree = "<group>"; };
		4BC91F7B1A4154F3006193DA /* UIRefreshControl+AFNetworking.m */ = {isa = PBXFileReference; fileEncoding = 4; lastKnownFileType = sourcecode.c.objc; path = "UIRefreshControl+AFNetworking.m"; sourceTree = "<group>"; };
		4BC91F7C1A4154F3006193DA /* UIWebView+AFNetworking.h */ = {isa = PBXFileReference; fileEncoding = 4; lastKnownFileType = sourcecode.c.h; path = "UIWebView+AFNetworking.h"; sourceTree = "<group>"; };
		4BC91F7D1A4154F3006193DA /* UIWebView+AFNetworking.m */ = {isa = PBXFileReference; fileEncoding = 4; lastKnownFileType = sourcecode.c.objc; path = "UIWebView+AFNetworking.m"; sourceTree = "<group>"; };
		4BC91F801A4154F3006193DA /* EXTKeyPathCoding.h */ = {isa = PBXFileReference; fileEncoding = 4; lastKnownFileType = sourcecode.c.h; path = EXTKeyPathCoding.h; sourceTree = "<group>"; };
		4BC91F811A4154F3006193DA /* EXTRuntimeExtensions.h */ = {isa = PBXFileReference; fileEncoding = 4; lastKnownFileType = sourcecode.c.h; path = EXTRuntimeExtensions.h; sourceTree = "<group>"; };
		4BC91F821A4154F3006193DA /* EXTRuntimeExtensions.m */ = {isa = PBXFileReference; fileEncoding = 4; lastKnownFileType = sourcecode.c.objc; path = EXTRuntimeExtensions.m; sourceTree = "<group>"; };
		4BC91F831A4154F3006193DA /* EXTScope.h */ = {isa = PBXFileReference; fileEncoding = 4; lastKnownFileType = sourcecode.c.h; path = EXTScope.h; sourceTree = "<group>"; };
		4BC91F841A4154F3006193DA /* EXTScope.m */ = {isa = PBXFileReference; fileEncoding = 4; lastKnownFileType = sourcecode.c.objc; path = EXTScope.m; sourceTree = "<group>"; };
		4BC91F851A4154F3006193DA /* metamacros.h */ = {isa = PBXFileReference; fileEncoding = 4; lastKnownFileType = sourcecode.c.h; path = metamacros.h; sourceTree = "<group>"; };
		4BC91F861A4154F3006193DA /* Info.plist */ = {isa = PBXFileReference; fileEncoding = 4; lastKnownFileType = text.plist.xml; path = Info.plist; sourceTree = "<group>"; };
		4BC91F871A4154F3006193DA /* Mantle.h */ = {isa = PBXFileReference; fileEncoding = 4; lastKnownFileType = sourcecode.c.h; path = Mantle.h; sourceTree = "<group>"; };
		4BC91F881A4154F3006193DA /* MTLJSONAdapter.h */ = {isa = PBXFileReference; fileEncoding = 4; lastKnownFileType = sourcecode.c.h; path = MTLJSONAdapter.h; sourceTree = "<group>"; };
		4BC91F891A4154F3006193DA /* MTLJSONAdapter.m */ = {isa = PBXFileReference; fileEncoding = 4; lastKnownFileType = sourcecode.c.objc; path = MTLJSONAdapter.m; sourceTree = "<group>"; };
		4BC91F8A1A4154F3006193DA /* MTLManagedObjectAdapter.h */ = {isa = PBXFileReference; fileEncoding = 4; lastKnownFileType = sourcecode.c.h; path = MTLManagedObjectAdapter.h; sourceTree = "<group>"; };
		4BC91F8B1A4154F3006193DA /* MTLManagedObjectAdapter.m */ = {isa = PBXFileReference; fileEncoding = 4; lastKnownFileType = sourcecode.c.objc; path = MTLManagedObjectAdapter.m; sourceTree = "<group>"; };
		4BC91F8C1A4154F3006193DA /* MTLModel+NSCoding.h */ = {isa = PBXFileReference; fileEncoding = 4; lastKnownFileType = sourcecode.c.h; path = "MTLModel+NSCoding.h"; sourceTree = "<group>"; };
		4BC91F8D1A4154F3006193DA /* MTLModel+NSCoding.m */ = {isa = PBXFileReference; fileEncoding = 4; lastKnownFileType = sourcecode.c.objc; path = "MTLModel+NSCoding.m"; sourceTree = "<group>"; };
		4BC91F8E1A4154F3006193DA /* MTLModel.h */ = {isa = PBXFileReference; fileEncoding = 4; lastKnownFileType = sourcecode.c.h; path = MTLModel.h; sourceTree = "<group>"; };
		4BC91F8F1A4154F3006193DA /* MTLModel.m */ = {isa = PBXFileReference; fileEncoding = 4; lastKnownFileType = sourcecode.c.objc; path = MTLModel.m; sourceTree = "<group>"; };
		4BC91F901A4154F3006193DA /* MTLReflection.h */ = {isa = PBXFileReference; fileEncoding = 4; lastKnownFileType = sourcecode.c.h; path = MTLReflection.h; sourceTree = "<group>"; };
		4BC91F911A4154F3006193DA /* MTLReflection.m */ = {isa = PBXFileReference; fileEncoding = 4; lastKnownFileType = sourcecode.c.objc; path = MTLReflection.m; sourceTree = "<group>"; };
		4BC91F921A4154F3006193DA /* MTLValueTransformer.h */ = {isa = PBXFileReference; fileEncoding = 4; lastKnownFileType = sourcecode.c.h; path = MTLValueTransformer.h; sourceTree = "<group>"; };
		4BC91F931A4154F3006193DA /* MTLValueTransformer.m */ = {isa = PBXFileReference; fileEncoding = 4; lastKnownFileType = sourcecode.c.objc; path = MTLValueTransformer.m; sourceTree = "<group>"; };
		4BC91F941A4154F3006193DA /* NSArray+MTLManipulationAdditions.h */ = {isa = PBXFileReference; fileEncoding = 4; lastKnownFileType = sourcecode.c.h; path = "NSArray+MTLManipulationAdditions.h"; sourceTree = "<group>"; };
		4BC91F951A4154F3006193DA /* NSArray+MTLManipulationAdditions.m */ = {isa = PBXFileReference; fileEncoding = 4; lastKnownFileType = sourcecode.c.objc; path = "NSArray+MTLManipulationAdditions.m"; sourceTree = "<group>"; };
		4BC91F961A4154F3006193DA /* NSDictionary+MTLManipulationAdditions.h */ = {isa = PBXFileReference; fileEncoding = 4; lastKnownFileType = sourcecode.c.h; path = "NSDictionary+MTLManipulationAdditions.h"; sourceTree = "<group>"; };
		4BC91F971A4154F3006193DA /* NSDictionary+MTLManipulationAdditions.m */ = {isa = PBXFileReference; fileEncoding = 4; lastKnownFileType = sourcecode.c.objc; path = "NSDictionary+MTLManipulationAdditions.m"; sourceTree = "<group>"; };
		4BC91F981A4154F3006193DA /* NSError+MTLModelException.h */ = {isa = PBXFileReference; fileEncoding = 4; lastKnownFileType = sourcecode.c.h; path = "NSError+MTLModelException.h"; sourceTree = "<group>"; };
		4BC91F991A4154F3006193DA /* NSError+MTLModelException.m */ = {isa = PBXFileReference; fileEncoding = 4; lastKnownFileType = sourcecode.c.objc; path = "NSError+MTLModelException.m"; sourceTree = "<group>"; };
		4BC91F9A1A4154F3006193DA /* NSObject+MTLComparisonAdditions.h */ = {isa = PBXFileReference; fileEncoding = 4; lastKnownFileType = sourcecode.c.h; path = "NSObject+MTLComparisonAdditions.h"; sourceTree = "<group>"; };
		4BC91F9B1A4154F3006193DA /* NSObject+MTLComparisonAdditions.m */ = {isa = PBXFileReference; fileEncoding = 4; lastKnownFileType = sourcecode.c.objc; path = "NSObject+MTLComparisonAdditions.m"; sourceTree = "<group>"; };
		4BC91F9C1A4154F3006193DA /* NSValueTransformer+MTLInversionAdditions.h */ = {isa = PBXFileReference; fileEncoding = 4; lastKnownFileType = sourcecode.c.h; path = "NSValueTransformer+MTLInversionAdditions.h"; sourceTree = "<group>"; };
		4BC91F9D1A4154F3006193DA /* NSValueTransformer+MTLInversionAdditions.m */ = {isa = PBXFileReference; fileEncoding = 4; lastKnownFileType = sourcecode.c.objc; path = "NSValueTransformer+MTLInversionAdditions.m"; sourceTree = "<group>"; };
		4BC91F9E1A4154F3006193DA /* NSValueTransformer+MTLPredefinedTransformerAdditions.h */ = {isa = PBXFileReference; fileEncoding = 4; lastKnownFileType = sourcecode.c.h; path = "NSValueTransformer+MTLPredefinedTransformerAdditions.h"; sourceTree = "<group>"; };
		4BC91F9F1A4154F3006193DA /* NSValueTransformer+MTLPredefinedTransformerAdditions.m */ = {isa = PBXFileReference; fileEncoding = 4; lastKnownFileType = sourcecode.c.objc; path = "NSValueTransformer+MTLPredefinedTransformerAdditions.m"; sourceTree = "<group>"; };
		4BC91FA11A4154F3006193DA /* MTLFMDBAdapter.h */ = {isa = PBXFileReference; fileEncoding = 4; lastKnownFileType = sourcecode.c.h; path = MTLFMDBAdapter.h; sourceTree = "<group>"; };
		4BC91FA21A4154F3006193DA /* MTLFMDBAdapter.m */ = {isa = PBXFileReference; fileEncoding = 4; lastKnownFileType = sourcecode.c.objc; path = MTLFMDBAdapter.m; sourceTree = "<group>"; };
		4BC91FC71A4155DA006193DA /* FMDatabase+FTS3.h */ = {isa = PBXFileReference; fileEncoding = 4; lastKnownFileType = sourcecode.c.h; path = "FMDatabase+FTS3.h"; sourceTree = "<group>"; };
		4BC91FC81A4155DA006193DA /* FMDatabase+FTS3.m */ = {isa = PBXFileReference; fileEncoding = 4; lastKnownFileType = sourcecode.c.objc; path = "FMDatabase+FTS3.m"; sourceTree = "<group>"; };
		4BC91FC91A4155DA006193DA /* FMTokenizers.h */ = {isa = PBXFileReference; fileEncoding = 4; lastKnownFileType = sourcecode.c.h; path = FMTokenizers.h; sourceTree = "<group>"; };
		4BC91FCA1A4155DA006193DA /* FMTokenizers.m */ = {isa = PBXFileReference; fileEncoding = 4; lastKnownFileType = sourcecode.c.objc; path = FMTokenizers.m; sourceTree = "<group>"; };
		4BC91FCB1A4155DA006193DA /* fts3_tokenizer.h */ = {isa = PBXFileReference; fileEncoding = 4; lastKnownFileType = sourcecode.c.h; path = fts3_tokenizer.h; sourceTree = "<group>"; };
		4BC91FCD1A4155DA006193DA /* FMDatabase+InMemoryOnDiskIO.h */ = {isa = PBXFileReference; fileEncoding = 4; lastKnownFileType = sourcecode.c.h; path = "FMDatabase+InMemoryOnDiskIO.h"; sourceTree = "<group>"; };
		4BC91FCE1A4155DA006193DA /* FMDatabase+InMemoryOnDiskIO.m */ = {isa = PBXFileReference; fileEncoding = 4; lastKnownFileType = sourcecode.c.objc; path = "FMDatabase+InMemoryOnDiskIO.m"; sourceTree = "<group>"; };
		4BC91FD21A4155DA006193DA /* FMDatabase.h */ = {isa = PBXFileReference; fileEncoding = 4; lastKnownFileType = sourcecode.c.h; path = FMDatabase.h; sourceTree = "<group>"; };
		4BC91FD31A4155DA006193DA /* FMDatabase.m */ = {isa = PBXFileReference; fileEncoding = 4; lastKnownFileType = sourcecode.c.objc; path = FMDatabase.m; sourceTree = "<group>"; };
		4BC91FD41A4155DA006193DA /* FMDatabaseAdditions.h */ = {isa = PBXFileReference; fileEncoding = 4; lastKnownFileType = sourcecode.c.h; path = FMDatabaseAdditions.h; sourceTree = "<group>"; };
		4BC91FD51A4155DA006193DA /* FMDatabaseAdditions.m */ = {isa = PBXFileReference; fileEncoding = 4; lastKnownFileType = sourcecode.c.objc; path = FMDatabaseAdditions.m; sourceTree = "<group>"; };
		4BC91FD61A4155DA006193DA /* FMDatabasePool.h */ = {isa = PBXFileReference; fileEncoding = 4; lastKnownFileType = sourcecode.c.h; path = FMDatabasePool.h; sourceTree = "<group>"; };
		4BC91FD71A4155DA006193DA /* FMDatabasePool.m */ = {isa = PBXFileReference; fileEncoding = 4; lastKnownFileType = sourcecode.c.objc; path = FMDatabasePool.m; sourceTree = "<group>"; };
		4BC91FD81A4155DA006193DA /* FMDatabaseQueue.h */ = {isa = PBXFileReference; fileEncoding = 4; lastKnownFileType = sourcecode.c.h; path = FMDatabaseQueue.h; sourceTree = "<group>"; };
		4BC91FD91A4155DA006193DA /* FMDatabaseQueue.m */ = {isa = PBXFileReference; fileEncoding = 4; lastKnownFileType = sourcecode.c.objc; path = FMDatabaseQueue.m; sourceTree = "<group>"; };
		4BC91FDA1A4155DA006193DA /* FMDB.h */ = {isa = PBXFileReference; fileEncoding = 4; lastKnownFileType = sourcecode.c.h; path = FMDB.h; sourceTree = "<group>"; };
		4BC91FDB1A4155DA006193DA /* FMResultSet.h */ = {isa = PBXFileReference; fileEncoding = 4; lastKnownFileType = sourcecode.c.h; path = FMResultSet.h; sourceTree = "<group>"; };
		4BC91FDC1A4155DA006193DA /* FMResultSet.m */ = {isa = PBXFileReference; fileEncoding = 4; lastKnownFileType = sourcecode.c.objc; path = FMResultSet.m; sourceTree = "<group>"; };
		4BC91FE71A415695006193DA /* libsqlite3.dylib */ = {isa = PBXFileReference; lastKnownFileType = "compiled.mach-o.dylib"; name = libsqlite3.dylib; path = usr/lib/libsqlite3.dylib; sourceTree = SDKROOT; };
		4BC91FEA1A415945006193DA /* CAIClient.h */ = {isa = PBXFileReference; fileEncoding = 4; lastKnownFileType = sourcecode.c.h; path = CAIClient.h; sourceTree = "<group>"; };
		4BC91FEB1A415945006193DA /* CAIClient.m */ = {isa = PBXFileReference; fileEncoding = 4; lastKnownFileType = sourcecode.c.objc; path = CAIClient.m; sourceTree = "<group>"; };
		4BC91FEC1A415945006193DA /* CAINet.h */ = {isa = PBXFileReference; fileEncoding = 4; lastKnownFileType = sourcecode.c.h; path = CAINet.h; sourceTree = "<group>"; };
		4BC91FED1A415945006193DA /* CAINet.m */ = {isa = PBXFileReference; fileEncoding = 4; lastKnownFileType = sourcecode.c.objc; path = CAINet.m; sourceTree = "<group>"; };
		4BC91FEE1A415945006193DA /* CAINetPasser.h */ = {isa = PBXFileReference; fileEncoding = 4; lastKnownFileType = sourcecode.c.h; path = CAINetPasser.h; sourceTree = "<group>"; };
		4BC91FEF1A415945006193DA /* CAINetPasser.m */ = {isa = PBXFileReference; fileEncoding = 4; lastKnownFileType = sourcecode.c.objc; path = CAINetPasser.m; sourceTree = "<group>"; };
		4BC91FF01A415945006193DA /* HTTPHeader.h */ = {isa = PBXFileReference; fileEncoding = 4; lastKnownFileType = sourcecode.c.h; path = HTTPHeader.h; sourceTree = "<group>"; };
		4BC91FF11A415945006193DA /* HTTPHeader.m */ = {isa = PBXFileReference; fileEncoding = 4; lastKnownFileType = sourcecode.c.objc; path = HTTPHeader.m; sourceTree = "<group>"; };
		4BC91FF41A415945006193DA /* CAIAuthor.h */ = {isa = PBXFileReference; fileEncoding = 4; lastKnownFileType = sourcecode.c.h; path = CAIAuthor.h; sourceTree = "<group>"; };
		4BC91FF51A415945006193DA /* CAIAuthor.m */ = {isa = PBXFileReference; fileEncoding = 4; lastKnownFileType = sourcecode.c.objc; path = CAIAuthor.m; sourceTree = "<group>"; };
		4BC91FF61A415945006193DA /* CAIAuthorNewsListResult.h */ = {isa = PBXFileReference; fileEncoding = 4; lastKnownFileType = sourcecode.c.h; path = CAIAuthorNewsListResult.h; sourceTree = "<group>"; };
		4BC91FF71A415945006193DA /* CAIAuthorNewsListResult.m */ = {isa = PBXFileReference; fileEncoding = 4; lastKnownFileType = sourcecode.c.objc; path = CAIAuthorNewsListResult.m; sourceTree = "<group>"; };
		4BC91FF81A415945006193DA /* CAIAuthorSyncResult.h */ = {isa = PBXFileReference; fileEncoding = 4; lastKnownFileType = sourcecode.c.h; path = CAIAuthorSyncResult.h; sourceTree = "<group>"; };
		4BC91FF91A415945006193DA /* CAIAuthorSyncResult.m */ = {isa = PBXFileReference; fileEncoding = 4; lastKnownFileType = sourcecode.c.objc; path = CAIAuthorSyncResult.m; sourceTree = "<group>"; };
		4BC91FFB1A415945006193DA /* CAICollection.h */ = {isa = PBXFileReference; fileEncoding = 4; lastKnownFileType = sourcecode.c.h; path = CAICollection.h; sourceTree = "<group>"; };
		4BC91FFC1A415945006193DA /* CAICollection.m */ = {isa = PBXFileReference; fileEncoding = 4; lastKnownFileType = sourcecode.c.objc; path = CAICollection.m; sourceTree = "<group>"; };
		4BC91FFD1A415945006193DA /* CAICollectionResult.h */ = {isa = PBXFileReference; fileEncoding = 4; lastKnownFileType = sourcecode.c.h; path = CAICollectionResult.h; sourceTree = "<group>"; };
		4BC91FFE1A415945006193DA /* CAICollectionResult.m */ = {isa = PBXFileReference; fileEncoding = 4; lastKnownFileType = sourcecode.c.objc; path = CAICollectionResult.m; sourceTree = "<group>"; };
		4BC920001A415945006193DA /* CAICommentPublishResult.h */ = {isa = PBXFileReference; fileEncoding = 4; lastKnownFileType = sourcecode.c.h; path = CAICommentPublishResult.h; sourceTree = "<group>"; };
		4BC920011A415945006193DA /* CAICommentPublishResult.m */ = {isa = PBXFileReference; fileEncoding = 4; lastKnownFileType = sourcecode.c.objc; path = CAICommentPublishResult.m; sourceTree = "<group>"; };
		4BC920031A415945006193DA /* CAILabel.h */ = {isa = PBXFileReference; fileEncoding = 4; lastKnownFileType = sourcecode.c.h; path = CAILabel.h; sourceTree = "<group>"; };
		4BC920041A415945006193DA /* CAILabel.m */ = {isa = PBXFileReference; fileEncoding = 4; lastKnownFileType = sourcecode.c.objc; path = CAILabel.m; sourceTree = "<group>"; };
		4BC920051A415945006193DA /* CAILabelListResult.h */ = {isa = PBXFileReference; fileEncoding = 4; lastKnownFileType = sourcecode.c.h; path = CAILabelListResult.h; sourceTree = "<group>"; };
		4BC920061A415945006193DA /* CAILabelListResult.m */ = {isa = PBXFileReference; fileEncoding = 4; lastKnownFileType = sourcecode.c.objc; path = CAILabelListResult.m; sourceTree = "<group>"; };
		4BC920081A415945006193DA /* CAIMessageAuthenticationResult.h */ = {isa = PBXFileReference; fileEncoding = 4; lastKnownFileType = sourcecode.c.h; path = CAIMessageAuthenticationResult.h; sourceTree = "<group>"; };
		4BC920091A415945006193DA /* CAIMessageAuthenticationResult.m */ = {isa = PBXFileReference; fileEncoding = 4; lastKnownFileType = sourcecode.c.objc; path = CAIMessageAuthenticationResult.m; sourceTree = "<group>"; };
		4BC9200B1A415945006193DA /* CAIMessage.h */ = {isa = PBXFileReference; fileEncoding = 4; lastKnownFileType = sourcecode.c.h; path = CAIMessage.h; sourceTree = "<group>"; };
		4BC9200C1A415945006193DA /* CAIMessage.m */ = {isa = PBXFileReference; fileEncoding = 4; lastKnownFileType = sourcecode.c.objc; path = CAIMessage.m; sourceTree = "<group>"; };
		4BC9200D1A415945006193DA /* CAIMyMessageResult.h */ = {isa = PBXFileReference; fileEncoding = 4; lastKnownFileType = sourcecode.c.h; path = CAIMyMessageResult.h; sourceTree = "<group>"; };
		4BC9200E1A415945006193DA /* CAIMyMessageResult.m */ = {isa = PBXFileReference; fileEncoding = 4; lastKnownFileType = sourcecode.c.objc; path = CAIMyMessageResult.m; sourceTree = "<group>"; };
		4BC920101A415945006193DA /* CAIComment.h */ = {isa = PBXFileReference; fileEncoding = 4; lastKnownFileType = sourcecode.c.h; path = CAIComment.h; sourceTree = "<group>"; };
		4BC920111A415945006193DA /* CAIComment.m */ = {isa = PBXFileReference; fileEncoding = 4; lastKnownFileType = sourcecode.c.objc; path = CAIComment.m; sourceTree = "<group>"; };
		4BC920121A415945006193DA /* CAINewsCommentResult.h */ = {isa = PBXFileReference; fileEncoding = 4; lastKnownFileType = sourcecode.c.h; path = CAINewsCommentResult.h; sourceTree = "<group>"; };
		4BC920131A415945006193DA /* CAINewsCommentResult.m */ = {isa = PBXFileReference; fileEncoding = 4; lastKnownFileType = sourcecode.c.objc; path = CAINewsCommentResult.m; sourceTree = "<group>"; };
		4BC920151A415945006193DA /* CAINewsContent.h */ = {isa = PBXFileReference; fileEncoding = 4; lastKnownFileType = sourcecode.c.h; path = CAINewsContent.h; sourceTree = "<group>"; };
		4BC920161A415945006193DA /* CAINewsContent.m */ = {isa = PBXFileReference; fileEncoding = 4; lastKnownFileType = sourcecode.c.objc; path = CAINewsContent.m; sourceTree = "<group>"; };
		4BC920171A415945006193DA /* CAINewsContentResult.h */ = {isa = PBXFileReference; fileEncoding = 4; lastKnownFileType = sourcecode.c.h; path = CAINewsContentResult.h; sourceTree = "<group>"; };
		4BC920181A415945006193DA /* CAINewsContentResult.m */ = {isa = PBXFileReference; fileEncoding = 4; lastKnownFileType = sourcecode.c.objc; path = CAINewsContentResult.m; sourceTree = "<group>"; };
		4BC9201A1A415945006193DA /* CAINews.h */ = {isa = PBXFileReference; fileEncoding = 4; lastKnownFileType = sourcecode.c.h; path = CAINews.h; sourceTree = "<group>"; };
		4BC9201B1A415945006193DA /* CAINews.m */ = {isa = PBXFileReference; fileEncoding = 4; lastKnownFileType = sourcecode.c.objc; path = CAINews.m; sourceTree = "<group>"; };
		4BC9201C1A415945006193DA /* CAINewsList.h */ = {isa = PBXFileReference; fileEncoding = 4; lastKnownFileType = sourcecode.c.h; path = CAINewsList.h; sourceTree = "<group>"; };
		4BC9201D1A415945006193DA /* CAINewsList.m */ = {isa = PBXFileReference; fileEncoding = 4; lastKnownFileType = sourcecode.c.objc; path = CAINewsList.m; sourceTree = "<group>"; };
		4BC9201E1A415945006193DA /* CAISlide.h */ = {isa = PBXFileReference; fileEncoding = 4; lastKnownFileType = sourcecode.c.h; path = CAISlide.h; sourceTree = "<group>"; };
		4BC9201F1A415945006193DA /* CAISlide.m */ = {isa = PBXFileReference; fileEncoding = 4; lastKnownFileType = sourcecode.c.objc; path = CAISlide.m; sourceTree = "<group>"; };
		4BC920211A415945006193DA /* CAINonDatasResult.h */ = {isa = PBXFileReference; fileEncoding = 4; lastKnownFileType = sourcecode.c.h; path = CAINonDatasResult.h; sourceTree = "<group>"; };
		4BC920221A415945006193DA /* CAINonDatasResult.m */ = {isa = PBXFileReference; fileEncoding = 4; lastKnownFileType = sourcecode.c.objc; path = CAINonDatasResult.m; sourceTree = "<group>"; };
		4BC920241A415945006193DA /* CAIPushDetailResult.h */ = {isa = PBXFileReference; fileEncoding = 4; lastKnownFileType = sourcecode.c.h; path = CAIPushDetailResult.h; sourceTree = "<group>"; };
		4BC920251A415945006193DA /* CAIPushDetailResult.m */ = {isa = PBXFileReference; fileEncoding = 4; lastKnownFileType = sourcecode.c.objc; path = CAIPushDetailResult.m; sourceTree = "<group>"; };
		4BC920271A415945006193DA /* CAIRegistedUser.h */ = {isa = PBXFileReference; fileEncoding = 4; lastKnownFileType = sourcecode.c.h; path = CAIRegistedUser.h; sourceTree = "<group>"; };
		4BC920281A415945006193DA /* CAIRegistedUser.m */ = {isa = PBXFileReference; fileEncoding = 4; lastKnownFileType = sourcecode.c.objc; path = CAIRegistedUser.m; sourceTree = "<group>"; };
		4BC920291A415945006193DA /* CAIRegistOrLoginResult.h */ = {isa = PBXFileReference; fileEncoding = 4; lastKnownFileType = sourcecode.c.h; path = CAIRegistOrLoginResult.h; sourceTree = "<group>"; };
		4BC9202A1A415945006193DA /* CAIRegistOrLoginResult.m */ = {isa = PBXFileReference; fileEncoding = 4; lastKnownFileType = sourcecode.c.objc; path = CAIRegistOrLoginResult.m; sourceTree = "<group>"; };
		4BC9202C1A415945006193DA /* CAIAd.h */ = {isa = PBXFileReference; fileEncoding = 4; lastKnownFileType = sourcecode.c.h; path = CAIAd.h; sourceTree = "<group>"; };
		4BC9202D1A415945006193DA /* CAIAd.m */ = {isa = PBXFileReference; fileEncoding = 4; lastKnownFileType = sourcecode.c.objc; path = CAIAd.m; sourceTree = "<group>"; };
		4BC9202E1A415945006193DA /* CAICate.h */ = {isa = PBXFileReference; fileEncoding = 4; lastKnownFileType = sourcecode.c.h; path = CAICate.h; sourceTree = "<group>"; };
		4BC9202F1A415945006193DA /* CAICate.m */ = {isa = PBXFileReference; fileEncoding = 4; lastKnownFileType = sourcecode.c.objc; path = CAICate.m; sourceTree = "<group>"; };
		4BC920301A415945006193DA /* CAIReportResult.h */ = {isa = PBXFileReference; fileEncoding = 4; lastKnownFileType = sourcecode.c.h; path = CAIReportResult.h; sourceTree = "<group>"; };
		4BC920311A415945006193DA /* CAIReportResult.m */ = {isa = PBXFileReference; fileEncoding = 4; lastKnownFileType = sourcecode.c.objc; path = CAIReportResult.m; sourceTree = "<group>"; };
		4BC920331A415945006193DA /* CAISpecail.h */ = {isa = PBXFileReference; fileEncoding = 4; lastKnownFileType = sourcecode.c.h; path = CAISpecail.h; sourceTree = "<group>"; };
		4BC920341A415945006193DA /* CAISpecail.m */ = {isa = PBXFileReference; fileEncoding = 4; lastKnownFileType = sourcecode.c.objc; path = CAISpecail.m; sourceTree = "<group>"; };
		4BC920351A415945006193DA /* CAISpecailListResult.h */ = {isa = PBXFileReference; fileEncoding = 4; lastKnownFileType = sourcecode.c.h; path = CAISpecailListResult.h; sourceTree = "<group>"; };
		4BC920361A415945006193DA /* CAISpecailListResult.m */ = {isa = PBXFileReference; fileEncoding = 4; lastKnownFileType = sourcecode.c.objc; path = CAISpecailListResult.m; sourceTree = "<group>"; };
		4BC920381A415945006193DA /* CAISubsribe.h */ = {isa = PBXFileReference; fileEncoding = 4; lastKnownFileType = sourcecode.c.h; path = CAISubsribe.h; sourceTree = "<group>"; };
		4BC920391A415945006193DA /* CAISubsribe.m */ = {isa = PBXFileReference; fileEncoding = 4; lastKnownFileType = sourcecode.c.objc; path = CAISubsribe.m; sourceTree = "<group>"; };
		4BC9203A1A415945006193DA /* CAISubsribeResult.h */ = {isa = PBXFileReference; fileEncoding = 4; lastKnownFileType = sourcecode.c.h; path = CAISubsribeResult.h; sourceTree = "<group>"; };
		4BC9203B1A415945006193DA /* CAISubsribeResult.m */ = {isa = PBXFileReference; fileEncoding = 4; lastKnownFileType = sourcecode.c.objc; path = CAISubsribeResult.m; sourceTree = "<group>"; };
		4BC9203D1A415945006193DA /* CAIUpgradeResult.h */ = {isa = PBXFileReference; fileEncoding = 4; lastKnownFileType = sourcecode.c.h; path = CAIUpgradeResult.h; sourceTree = "<group>"; };
		4BC9203E1A415945006193DA /* CAIUpgradeResult.m */ = {isa = PBXFileReference; fileEncoding = 4; lastKnownFileType = sourcecode.c.objc; path = CAIUpgradeResult.m; sourceTree = "<group>"; };
		4BC920401A415945006193DA /* CAIUploadImageResult.h */ = {isa = PBXFileReference; fileEncoding = 4; lastKnownFileType = sourcecode.c.h; path = CAIUploadImageResult.h; sourceTree = "<group>"; };
		4BC920411A415945006193DA /* CAIUploadImageResult.m */ = {isa = PBXFileReference; fileEncoding = 4; lastKnownFileType = sourcecode.c.objc; path = CAIUploadImageResult.m; sourceTree = "<group>"; };
		4BC920431A415945006193DA /* CAIYiyantangComment.h */ = {isa = PBXFileReference; fileEncoding = 4; lastKnownFileType = sourcecode.c.h; path = CAIYiyantangComment.h; sourceTree = "<group>"; };
		4BC920441A415945006193DA /* CAIYiyantangComment.m */ = {isa = PBXFileReference; fileEncoding = 4; lastKnownFileType = sourcecode.c.objc; path = CAIYiyantangComment.m; sourceTree = "<group>"; };
		4BC920451A415945006193DA /* CAIYiyantangCommentListResult.h */ = {isa = PBXFileReference; fileEncoding = 4; lastKnownFileType = sourcecode.c.h; path = CAIYiyantangCommentListResult.h; sourceTree = "<group>"; };
		4BC920461A415945006193DA /* CAIYiyantangCommentListResult.m */ = {isa = PBXFileReference; fileEncoding = 4; lastKnownFileType = sourcecode.c.objc; path = CAIYiyantangCommentListResult.m; sourceTree = "<group>"; };
		4BC920481A415945006193DA /* CAIYiyantanContentHeader.h */ = {isa = PBXFileReference; fileEncoding = 4; lastKnownFileType = sourcecode.c.h; path = CAIYiyantanContentHeader.h; sourceTree = "<group>"; };
		4BC920491A415945006193DA /* CAIYiyantanContentHeader.m */ = {isa = PBXFileReference; fileEncoding = 4; lastKnownFileType = sourcecode.c.objc; path = CAIYiyantanContentHeader.m; sourceTree = "<group>"; };
		4BC9204A1A415945006193DA /* CAIYiyantangContent.h */ = {isa = PBXFileReference; fileEncoding = 4; lastKnownFileType = sourcecode.c.h; path = CAIYiyantangContent.h; sourceTree = "<group>"; };
		4BC9204B1A415945006193DA /* CAIYiyantangContent.m */ = {isa = PBXFileReference; fileEncoding = 4; lastKnownFileType = sourcecode.c.objc; path = CAIYiyantangContent.m; sourceTree = "<group>"; };
		4BC9204C1A415945006193DA /* CAIYiyantangContentResult.h */ = {isa = PBXFileReference; fileEncoding = 4; lastKnownFileType = sourcecode.c.h; path = CAIYiyantangContentResult.h; sourceTree = "<group>"; };
		4BC9204D1A415945006193DA /* CAIYiyantangContentResult.m */ = {isa = PBXFileReference; fileEncoding = 4; lastKnownFileType = sourcecode.c.objc; path = CAIYiyantangContentResult.m; sourceTree = "<group>"; };
		4BC9204E1A415945006193DA /* CAIYiyantangMember.h */ = {isa = PBXFileReference; fileEncoding = 4; lastKnownFileType = sourcecode.c.h; path = CAIYiyantangMember.h; sourceTree = "<group>"; };
		4BC9204F1A415945006193DA /* CAIYiyantangMember.m */ = {isa = PBXFileReference; fileEncoding = 4; lastKnownFileType = sourcecode.c.objc; path = CAIYiyantangMember.m; sourceTree = "<group>"; };
		4BC920511A415945006193DA /* CAIYiyantang.h */ = {isa = PBXFileReference; fileEncoding = 4; lastKnownFileType = sourcecode.c.h; path = CAIYiyantang.h; sourceTree = "<group>"; };
		4BC920521A415945006193DA /* CAIYiyantang.m */ = {isa = PBXFileReference; fileEncoding = 4; lastKnownFileType = sourcecode.c.objc; path = CAIYiyantang.m; sourceTree = "<group>"; };
		4BC920531A415945006193DA /* CAIYiyantangListResult.h */ = {isa = PBXFileReference; fileEncoding = 4; lastKnownFileType = sourcecode.c.h; path = CAIYiyantangListResult.h; sourceTree = "<group>"; };
		4BC920541A415945006193DA /* CAIYiyantangListResult.m */ = {isa = PBXFileReference; fileEncoding = 4; lastKnownFileType = sourcecode.c.objc; path = CAIYiyantangListResult.m; sourceTree = "<group>"; };
		4BC920561A415945006193DA /* CAIYiyantangRefreshResult.h */ = {isa = PBXFileReference; fileEncoding = 4; lastKnownFileType = sourcecode.c.h; path = CAIYiyantangRefreshResult.h; sourceTree = "<group>"; };
		4BC920571A415945006193DA /* CAIYiyantangRefreshResult.m */ = {isa = PBXFileReference; fileEncoding = 4; lastKnownFileType = sourcecode.c.objc; path = CAIYiyantangRefreshResult.m; sourceTree = "<group>"; };
		4BC920861A415C46006193DA /* OpenUDID.h */ = {isa = PBXFileReference; fileEncoding = 4; lastKnownFileType = sourcecode.c.h; path = OpenUDID.h; sourceTree = "<group>"; };
		4BC920871A415C46006193DA /* OpenUDID.m */ = {isa = PBXFileReference; fileEncoding = 4; lastKnownFileType = sourcecode.c.objc; path = OpenUDID.m; sourceTree = "<group>"; };
		4BC920891A415C81006193DA /* MD5Tool.h */ = {isa = PBXFileReference; fileEncoding = 4; lastKnownFileType = sourcecode.c.h; path = MD5Tool.h; sourceTree = "<group>"; };
		4BC9208A1A415C81006193DA /* MD5Tool.m */ = {isa = PBXFileReference; fileEncoding = 4; lastKnownFileType = sourcecode.c.objc; path = MD5Tool.m; sourceTree = "<group>"; };
		4BC9208C1A415ECB006193DA /* CAIDataBase.h */ = {isa = PBXFileReference; fileEncoding = 4; lastKnownFileType = sourcecode.c.h; path = CAIDataBase.h; sourceTree = "<group>"; };
		4BC9208D1A415ECB006193DA /* CAIDataBase.m */ = {isa = PBXFileReference; fileEncoding = 4; lastKnownFileType = sourcecode.c.objc; path = CAIDataBase.m; sourceTree = "<group>"; };
/* End PBXFileReference section */

/* Begin PBXFrameworksBuildPhase section */
		4BC91F281A415297006193DA /* Frameworks */ = {
			isa = PBXFrameworksBuildPhase;
			buildActionMask = 2147483647;
			files = (
				4BC91FE81A415695006193DA /* libsqlite3.dylib in Frameworks */,
			);
			runOnlyForDeploymentPostprocessing = 0;
		};
		4BC91F441A415297006193DA /* Frameworks */ = {
			isa = PBXFrameworksBuildPhase;
			buildActionMask = 2147483647;
			files = (
			);
			runOnlyForDeploymentPostprocessing = 0;
		};
/* End PBXFrameworksBuildPhase section */

/* Begin PBXGroup section */
		4BC91F221A415297006193DA = {
			isa = PBXGroup;
			children = (
				4BC91FE61A41563B006193DA /* FrameWork */,
				4BC91F571A4154F3006193DA /* ThirdPart */,
				4BC91F2D1A415297006193DA /* MTLSqlAdapter */,
				4BC91F4A1A415297006193DA /* MTLSqlAdapterTests */,
				4BC91F2C1A415297006193DA /* Products */,
			);
			sourceTree = "<group>";
		};
		4BC91F2C1A415297006193DA /* Products */ = {
			isa = PBXGroup;
			children = (
				4BC91F2B1A415297006193DA /* MTLSqlAdapter.app */,
				4BC91F471A415297006193DA /* MTLSqlAdapterTests.xctest */,
			);
			name = Products;
			sourceTree = "<group>";
		};
		4BC91F2D1A415297006193DA /* MTLSqlAdapter */ = {
			isa = PBXGroup;
			children = (
				4BC920851A415C46006193DA /* Tools */,
				4BC91FE91A415945006193DA /* CAIClient */,
				4BC91F321A415297006193DA /* AppDelegate.h */,
				4BC91F331A415297006193DA /* AppDelegate.m */,
				4BC91F381A415297006193DA /* ViewController.h */,
				4BC91F391A415297006193DA /* ViewController.m */,
				4BC91F3B1A415297006193DA /* Main.storyboard */,
				4BC91F3E1A415297006193DA /* Images.xcassets */,
				4BC91F401A415297006193DA /* LaunchScreen.xib */,
				4BC91F351A415297006193DA /* MTLSqlAdapter.xcdatamodeld */,
				4BC91F2E1A415297006193DA /* Supporting Files */,
				4BC9208C1A415ECB006193DA /* CAIDataBase.h */,
				4BC9208D1A415ECB006193DA /* CAIDataBase.m */,
			);
			path = MTLSqlAdapter;
			sourceTree = "<group>";
		};
		4BC91F2E1A415297006193DA /* Supporting Files */ = {
			isa = PBXGroup;
			children = (
				4BC91F2F1A415297006193DA /* Info.plist */,
				4BC91F301A415297006193DA /* main.m */,
			);
			name = "Supporting Files";
			sourceTree = "<group>";
		};
		4BC91F4A1A415297006193DA /* MTLSqlAdapterTests */ = {
			isa = PBXGroup;
			children = (
				4BC91F4D1A415297006193DA /* MTLSqlAdapterTests.m */,
				4BC91F4B1A415297006193DA /* Supporting Files */,
			);
			path = MTLSqlAdapterTests;
			sourceTree = "<group>";
		};
		4BC91F4B1A415297006193DA /* Supporting Files */ = {
			isa = PBXGroup;
			children = (
				4BC91F4C1A415297006193DA /* Info.plist */,
			);
			name = "Supporting Files";
			sourceTree = "<group>";
		};
		4BC91F571A4154F3006193DA /* ThirdPart */ = {
			isa = PBXGroup;
			children = (
				4BC91FC41A4155DA006193DA /* FMDB */,
				4BC91F581A4154F3006193DA /* AFNetworking */,
				4BC91F7E1A4154F3006193DA /* Mantle */,
				4BC91FA01A4154F3006193DA /* MTLFMDBAdapter */,
			);
			path = ThirdPart;
			sourceTree = "<group>";
		};
		4BC91F581A4154F3006193DA /* AFNetworking */ = {
			isa = PBXGroup;
			children = (
				4BC91F591A4154F3006193DA /* AFHTTPRequestOperation.h */,
				4BC91F5A1A4154F3006193DA /* AFHTTPRequestOperation.m */,
				4BC91F5B1A4154F3006193DA /* AFHTTPRequestOperationManager.h */,
				4BC91F5C1A4154F3006193DA /* AFHTTPRequestOperationManager.m */,
				4BC91F5D1A4154F3006193DA /* AFHTTPSessionManager.h */,
				4BC91F5E1A4154F3006193DA /* AFHTTPSessionManager.m */,
				4BC91F5F1A4154F3006193DA /* AFNetworking.h */,
				4BC91F601A4154F3006193DA /* AFNetworkReachabilityManager.h */,
				4BC91F611A4154F3006193DA /* AFNetworkReachabilityManager.m */,
				4BC91F621A4154F3006193DA /* AFSecurityPolicy.h */,
				4BC91F631A4154F3006193DA /* AFSecurityPolicy.m */,
				4BC91F641A4154F3006193DA /* AFURLConnectionOperation.h */,
				4BC91F651A4154F3006193DA /* AFURLConnectionOperation.m */,
				4BC91F661A4154F3006193DA /* AFURLRequestSerialization.h */,
				4BC91F671A4154F3006193DA /* AFURLRequestSerialization.m */,
				4BC91F681A4154F3006193DA /* AFURLResponseSerialization.h */,
				4BC91F691A4154F3006193DA /* AFURLResponseSerialization.m */,
				4BC91F6A1A4154F3006193DA /* AFURLSessionManager.h */,
				4BC91F6B1A4154F3006193DA /* AFURLSessionManager.m */,
				4BC91F6C1A4154F3006193DA /* UIKit+AFNetworking */,
			);
			path = AFNetworking;
			sourceTree = "<group>";
		};
		4BC91F6C1A4154F3006193DA /* UIKit+AFNetworking */ = {
			isa = PBXGroup;
			children = (
				4BC91F6D1A4154F3006193DA /* AFNetworkActivityIndicatorManager.h */,
				4BC91F6E1A4154F3006193DA /* AFNetworkActivityIndicatorManager.m */,
				4BC91F6F1A4154F3006193DA /* UIActivityIndicatorView+AFNetworking.h */,
				4BC91F701A4154F3006193DA /* UIActivityIndicatorView+AFNetworking.m */,
				4BC91F711A4154F3006193DA /* UIAlertView+AFNetworking.h */,
				4BC91F721A4154F3006193DA /* UIAlertView+AFNetworking.m */,
				4BC91F731A4154F3006193DA /* UIButton+AFNetworking.h */,
				4BC91F741A4154F3006193DA /* UIButton+AFNetworking.m */,
				4BC91F751A4154F3006193DA /* UIImageView+AFNetworking.h */,
				4BC91F761A4154F3006193DA /* UIImageView+AFNetworking.m */,
				4BC91F771A4154F3006193DA /* UIKit+AFNetworking.h */,
				4BC91F781A4154F3006193DA /* UIProgressView+AFNetworking.h */,
				4BC91F791A4154F3006193DA /* UIProgressView+AFNetworking.m */,
				4BC91F7A1A4154F3006193DA /* UIRefreshControl+AFNetworking.h */,
				4BC91F7B1A4154F3006193DA /* UIRefreshControl+AFNetworking.m */,
				4BC91F7C1A4154F3006193DA /* UIWebView+AFNetworking.h */,
				4BC91F7D1A4154F3006193DA /* UIWebView+AFNetworking.m */,
			);
			path = "UIKit+AFNetworking";
			sourceTree = "<group>";
		};
		4BC91F7E1A4154F3006193DA /* Mantle */ = {
			isa = PBXGroup;
			children = (
				4BC91F7F1A4154F3006193DA /* extobjc */,
				4BC91F861A4154F3006193DA /* Info.plist */,
				4BC91F871A4154F3006193DA /* Mantle.h */,
				4BC91F881A4154F3006193DA /* MTLJSONAdapter.h */,
				4BC91F891A4154F3006193DA /* MTLJSONAdapter.m */,
				4BC91F8A1A4154F3006193DA /* MTLManagedObjectAdapter.h */,
				4BC91F8B1A4154F3006193DA /* MTLManagedObjectAdapter.m */,
				4BC91F8C1A4154F3006193DA /* MTLModel+NSCoding.h */,
				4BC91F8D1A4154F3006193DA /* MTLModel+NSCoding.m */,
				4BC91F8E1A4154F3006193DA /* MTLModel.h */,
				4BC91F8F1A4154F3006193DA /* MTLModel.m */,
				4BC91F901A4154F3006193DA /* MTLReflection.h */,
				4BC91F911A4154F3006193DA /* MTLReflection.m */,
				4BC91F921A4154F3006193DA /* MTLValueTransformer.h */,
				4BC91F931A4154F3006193DA /* MTLValueTransformer.m */,
				4BC91F941A4154F3006193DA /* NSArray+MTLManipulationAdditions.h */,
				4BC91F951A4154F3006193DA /* NSArray+MTLManipulationAdditions.m */,
				4BC91F961A4154F3006193DA /* NSDictionary+MTLManipulationAdditions.h */,
				4BC91F971A4154F3006193DA /* NSDictionary+MTLManipulationAdditions.m */,
				4BC91F981A4154F3006193DA /* NSError+MTLModelException.h */,
				4BC91F991A4154F3006193DA /* NSError+MTLModelException.m */,
				4BC91F9A1A4154F3006193DA /* NSObject+MTLComparisonAdditions.h */,
				4BC91F9B1A4154F3006193DA /* NSObject+MTLComparisonAdditions.m */,
				4BC91F9C1A4154F3006193DA /* NSValueTransformer+MTLInversionAdditions.h */,
				4BC91F9D1A4154F3006193DA /* NSValueTransformer+MTLInversionAdditions.m */,
				4BC91F9E1A4154F3006193DA /* NSValueTransformer+MTLPredefinedTransformerAdditions.h */,
				4BC91F9F1A4154F3006193DA /* NSValueTransformer+MTLPredefinedTransformerAdditions.m */,
			);
			path = Mantle;
			sourceTree = "<group>";
		};
		4BC91F7F1A4154F3006193DA /* extobjc */ = {
			isa = PBXGroup;
			children = (
				4BC91F801A4154F3006193DA /* EXTKeyPathCoding.h */,
				4BC91F811A4154F3006193DA /* EXTRuntimeExtensions.h */,
				4BC91F821A4154F3006193DA /* EXTRuntimeExtensions.m */,
				4BC91F831A4154F3006193DA /* EXTScope.h */,
				4BC91F841A4154F3006193DA /* EXTScope.m */,
				4BC91F851A4154F3006193DA /* metamacros.h */,
			);
			path = extobjc;
			sourceTree = "<group>";
		};
		4BC91FA01A4154F3006193DA /* MTLFMDBAdapter */ = {
			isa = PBXGroup;
			children = (
				4BC91FA11A4154F3006193DA /* MTLFMDBAdapter.h */,
				4BC91FA21A4154F3006193DA /* MTLFMDBAdapter.m */,
			);
			path = MTLFMDBAdapter;
			sourceTree = "<group>";
		};
		4BC91FC41A4155DA006193DA /* FMDB */ = {
			isa = PBXGroup;
			children = (
				4BC91FC51A4155DA006193DA /* extra */,
				4BC91FD11A4155DA006193DA /* fmdb */,
			);
			path = FMDB;
			sourceTree = "<group>";
		};
		4BC91FC51A4155DA006193DA /* extra */ = {
			isa = PBXGroup;
			children = (
				4BC91FC61A4155DA006193DA /* fts3 */,
				4BC91FCC1A4155DA006193DA /* InMemoryOnDiskIO */,
				4BC91FCF1A4155DA006193DA /* Swift extensions */,
			);
			path = extra;
			sourceTree = "<group>";
		};
		4BC91FC61A4155DA006193DA /* fts3 */ = {
			isa = PBXGroup;
			children = (
				4BC91FC71A4155DA006193DA /* FMDatabase+FTS3.h */,
				4BC91FC81A4155DA006193DA /* FMDatabase+FTS3.m */,
				4BC91FC91A4155DA006193DA /* FMTokenizers.h */,
				4BC91FCA1A4155DA006193DA /* FMTokenizers.m */,
				4BC91FCB1A4155DA006193DA /* fts3_tokenizer.h */,
			);
			path = fts3;
			sourceTree = "<group>";
		};
		4BC91FCC1A4155DA006193DA /* InMemoryOnDiskIO */ = {
			isa = PBXGroup;
			children = (
				4BC91FCD1A4155DA006193DA /* FMDatabase+InMemoryOnDiskIO.h */,
				4BC91FCE1A4155DA006193DA /* FMDatabase+InMemoryOnDiskIO.m */,
			);
			path = InMemoryOnDiskIO;
			sourceTree = "<group>";
		};
		4BC91FCF1A4155DA006193DA /* Swift extensions */ = {
			isa = PBXGroup;
			children = (
			);
			path = "Swift extensions";
			sourceTree = "<group>";
		};
		4BC91FD11A4155DA006193DA /* fmdb */ = {
			isa = PBXGroup;
			children = (
				4BC91FD21A4155DA006193DA /* FMDatabase.h */,
				4BC91FD31A4155DA006193DA /* FMDatabase.m */,
				4BC91FD41A4155DA006193DA /* FMDatabaseAdditions.h */,
				4BC91FD51A4155DA006193DA /* FMDatabaseAdditions.m */,
				4BC91FD61A4155DA006193DA /* FMDatabasePool.h */,
				4BC91FD71A4155DA006193DA /* FMDatabasePool.m */,
				4BC91FD81A4155DA006193DA /* FMDatabaseQueue.h */,
				4BC91FD91A4155DA006193DA /* FMDatabaseQueue.m */,
				4BC91FDA1A4155DA006193DA /* FMDB.h */,
				4BC91FDB1A4155DA006193DA /* FMResultSet.h */,
				4BC91FDC1A4155DA006193DA /* FMResultSet.m */,
			);
			path = fmdb;
			sourceTree = "<group>";
		};
		4BC91FE61A41563B006193DA /* FrameWork */ = {
			isa = PBXGroup;
			children = (
				4BC91FE71A415695006193DA /* libsqlite3.dylib */,
			);
			name = FrameWork;
			sourceTree = "<group>";
		};
		4BC91FE91A415945006193DA /* CAIClient */ = {
			isa = PBXGroup;
			children = (
				4BC91FEA1A415945006193DA /* CAIClient.h */,
				4BC91FEB1A415945006193DA /* CAIClient.m */,
				4BC91FEC1A415945006193DA /* CAINet.h */,
				4BC91FED1A415945006193DA /* CAINet.m */,
				4BC91FEE1A415945006193DA /* CAINetPasser.h */,
				4BC91FEF1A415945006193DA /* CAINetPasser.m */,
				4BC91FF01A415945006193DA /* HTTPHeader.h */,
				4BC91FF11A415945006193DA /* HTTPHeader.m */,
				4BC91FF21A415945006193DA /* model */,
			);
			path = CAIClient;
			sourceTree = "<group>";
		};
		4BC91FF21A415945006193DA /* model */ = {
			isa = PBXGroup;
			children = (
				4BC91FF31A415945006193DA /* CAIAuthorNewsList */,
				4BC91FF81A415945006193DA /* CAIAuthorSyncResult.h */,
				4BC91FF91A415945006193DA /* CAIAuthorSyncResult.m */,
				4BC91FFA1A415945006193DA /* CAICollection */,
				4BC91FFF1A415945006193DA /* CAICommentPublish */,
				4BC920021A415945006193DA /* CAILabel */,
				4BC920071A415945006193DA /* CAIMessageAuthentication */,
				4BC9200A1A415945006193DA /* CAIMyMessage */,
				4BC9200F1A415945006193DA /* CAINewsComment */,
				4BC920141A415945006193DA /* CAINewsContent */,
				4BC920191A415945006193DA /* CAINewsList */,
				4BC920201A415945006193DA /* CAINonDatas */,
				4BC920231A415945006193DA /* CAIPushDetail */,
				4BC920261A415945006193DA /* CAIRegistResult */,
				4BC9202B1A415945006193DA /* CAIReportResult */,
				4BC920321A415945006193DA /* CAISpecialList */,
				4BC920371A415945006193DA /* CAISubsribe */,
				4BC9203C1A415945006193DA /* CAIUpgrade */,
				4BC9203F1A415945006193DA /* CAIUploadImage */,
				4BC920421A415945006193DA /* CAIYiyantangComment */,
				4BC920471A415945006193DA /* CAIYiyantangContent */,
				4BC920501A415945006193DA /* CAIYiyantangList */,
				4BC920551A415945006193DA /* CAIYiyantangRefresh */,
			);
			path = model;
			sourceTree = "<group>";
		};
		4BC91FF31A415945006193DA /* CAIAuthorNewsList */ = {
			isa = PBXGroup;
			children = (
				4BC91FF41A415945006193DA /* CAIAuthor.h */,
				4BC91FF51A415945006193DA /* CAIAuthor.m */,
				4BC91FF61A415945006193DA /* CAIAuthorNewsListResult.h */,
				4BC91FF71A415945006193DA /* CAIAuthorNewsListResult.m */,
			);
			path = CAIAuthorNewsList;
			sourceTree = "<group>";
		};
		4BC91FFA1A415945006193DA /* CAICollection */ = {
			isa = PBXGroup;
			children = (
				4BC91FFB1A415945006193DA /* CAICollection.h */,
				4BC91FFC1A415945006193DA /* CAICollection.m */,
				4BC91FFD1A415945006193DA /* CAICollectionResult.h */,
				4BC91FFE1A415945006193DA /* CAICollectionResult.m */,
			);
			path = CAICollection;
			sourceTree = "<group>";
		};
		4BC91FFF1A415945006193DA /* CAICommentPublish */ = {
			isa = PBXGroup;
			children = (
				4BC920001A415945006193DA /* CAICommentPublishResult.h */,
				4BC920011A415945006193DA /* CAICommentPublishResult.m */,
			);
			path = CAICommentPublish;
			sourceTree = "<group>";
		};
		4BC920021A415945006193DA /* CAILabel */ = {
			isa = PBXGroup;
			children = (
				4BC920031A415945006193DA /* CAILabel.h */,
				4BC920041A415945006193DA /* CAILabel.m */,
				4BC920051A415945006193DA /* CAILabelListResult.h */,
				4BC920061A415945006193DA /* CAILabelListResult.m */,
			);
			path = CAILabel;
			sourceTree = "<group>";
		};
		4BC920071A415945006193DA /* CAIMessageAuthentication */ = {
			isa = PBXGroup;
			children = (
				4BC920081A415945006193DA /* CAIMessageAuthenticationResult.h */,
				4BC920091A415945006193DA /* CAIMessageAuthenticationResult.m */,
			);
			path = CAIMessageAuthentication;
			sourceTree = "<group>";
		};
		4BC9200A1A415945006193DA /* CAIMyMessage */ = {
			isa = PBXGroup;
			children = (
				4BC9200B1A415945006193DA /* CAIMessage.h */,
				4BC9200C1A415945006193DA /* CAIMessage.m */,
				4BC9200D1A415945006193DA /* CAIMyMessageResult.h */,
				4BC9200E1A415945006193DA /* CAIMyMessageResult.m */,
			);
			path = CAIMyMessage;
			sourceTree = "<group>";
		};
		4BC9200F1A415945006193DA /* CAINewsComment */ = {
			isa = PBXGroup;
			children = (
				4BC920101A415945006193DA /* CAIComment.h */,
				4BC920111A415945006193DA /* CAIComment.m */,
				4BC920121A415945006193DA /* CAINewsCommentResult.h */,
				4BC920131A415945006193DA /* CAINewsCommentResult.m */,
			);
			path = CAINewsComment;
			sourceTree = "<group>";
		};
		4BC920141A415945006193DA /* CAINewsContent */ = {
			isa = PBXGroup;
			children = (
				4BC920151A415945006193DA /* CAINewsContent.h */,
				4BC920161A415945006193DA /* CAINewsContent.m */,
				4BC920171A415945006193DA /* CAINewsContentResult.h */,
				4BC920181A415945006193DA /* CAINewsContentResult.m */,
			);
			path = CAINewsContent;
			sourceTree = "<group>";
		};
		4BC920191A415945006193DA /* CAINewsList */ = {
			isa = PBXGroup;
			children = (
				4BC9201A1A415945006193DA /* CAINews.h */,
				4BC9201B1A415945006193DA /* CAINews.m */,
				4BC9201C1A415945006193DA /* CAINewsList.h */,
				4BC9201D1A415945006193DA /* CAINewsList.m */,
				4BC9201E1A415945006193DA /* CAISlide.h */,
				4BC9201F1A415945006193DA /* CAISlide.m */,
			);
			path = CAINewsList;
			sourceTree = "<group>";
		};
		4BC920201A415945006193DA /* CAINonDatas */ = {
			isa = PBXGroup;
			children = (
				4BC920211A415945006193DA /* CAINonDatasResult.h */,
				4BC920221A415945006193DA /* CAINonDatasResult.m */,
			);
			path = CAINonDatas;
			sourceTree = "<group>";
		};
		4BC920231A415945006193DA /* CAIPushDetail */ = {
			isa = PBXGroup;
			children = (
				4BC920241A415945006193DA /* CAIPushDetailResult.h */,
				4BC920251A415945006193DA /* CAIPushDetailResult.m */,
			);
			path = CAIPushDetail;
			sourceTree = "<group>";
		};
		4BC920261A415945006193DA /* CAIRegistResult */ = {
			isa = PBXGroup;
			children = (
				4BC920271A415945006193DA /* CAIRegistedUser.h */,
				4BC920281A415945006193DA /* CAIRegistedUser.m */,
				4BC920291A415945006193DA /* CAIRegistOrLoginResult.h */,
				4BC9202A1A415945006193DA /* CAIRegistOrLoginResult.m */,
			);
			path = CAIRegistResult;
			sourceTree = "<group>";
		};
		4BC9202B1A415945006193DA /* CAIReportResult */ = {
			isa = PBXGroup;
			children = (
				4BC9202C1A415945006193DA /* CAIAd.h */,
				4BC9202D1A415945006193DA /* CAIAd.m */,
				4BC9202E1A415945006193DA /* CAICate.h */,
				4BC9202F1A415945006193DA /* CAICate.m */,
				4BC920301A415945006193DA /* CAIReportResult.h */,
				4BC920311A415945006193DA /* CAIReportResult.m */,
			);
			path = CAIReportResult;
			sourceTree = "<group>";
		};
		4BC920321A415945006193DA /* CAISpecialList */ = {
			isa = PBXGroup;
			children = (
				4BC920331A415945006193DA /* CAISpecail.h */,
				4BC920341A415945006193DA /* CAISpecail.m */,
				4BC920351A415945006193DA /* CAISpecailListResult.h */,
				4BC920361A415945006193DA /* CAISpecailListResult.m */,
			);
			path = CAISpecialList;
			sourceTree = "<group>";
		};
		4BC920371A415945006193DA /* CAISubsribe */ = {
			isa = PBXGroup;
			children = (
				4BC920381A415945006193DA /* CAISubsribe.h */,
				4BC920391A415945006193DA /* CAISubsribe.m */,
				4BC9203A1A415945006193DA /* CAISubsribeResult.h */,
				4BC9203B1A415945006193DA /* CAISubsribeResult.m */,
			);
			path = CAISubsribe;
			sourceTree = "<group>";
		};
		4BC9203C1A415945006193DA /* CAIUpgrade */ = {
			isa = PBXGroup;
			children = (
				4BC9203D1A415945006193DA /* CAIUpgradeResult.h */,
				4BC9203E1A415945006193DA /* CAIUpgradeResult.m */,
			);
			path = CAIUpgrade;
			sourceTree = "<group>";
		};
		4BC9203F1A415945006193DA /* CAIUploadImage */ = {
			isa = PBXGroup;
			children = (
				4BC920401A415945006193DA /* CAIUploadImageResult.h */,
				4BC920411A415945006193DA /* CAIUploadImageResult.m */,
			);
			path = CAIUploadImage;
			sourceTree = "<group>";
		};
		4BC920421A415945006193DA /* CAIYiyantangComment */ = {
			isa = PBXGroup;
			children = (
				4BC920431A415945006193DA /* CAIYiyantangComment.h */,
				4BC920441A415945006193DA /* CAIYiyantangComment.m */,
				4BC920451A415945006193DA /* CAIYiyantangCommentListResult.h */,
				4BC920461A415945006193DA /* CAIYiyantangCommentListResult.m */,
			);
			path = CAIYiyantangComment;
			sourceTree = "<group>";
		};
		4BC920471A415945006193DA /* CAIYiyantangContent */ = {
			isa = PBXGroup;
			children = (
				4BC920481A415945006193DA /* CAIYiyantanContentHeader.h */,
				4BC920491A415945006193DA /* CAIYiyantanContentHeader.m */,
				4BC9204A1A415945006193DA /* CAIYiyantangContent.h */,
				4BC9204B1A415945006193DA /* CAIYiyantangContent.m */,
				4BC9204C1A415945006193DA /* CAIYiyantangContentResult.h */,
				4BC9204D1A415945006193DA /* CAIYiyantangContentResult.m */,
				4BC9204E1A415945006193DA /* CAIYiyantangMember.h */,
				4BC9204F1A415945006193DA /* CAIYiyantangMember.m */,
			);
			path = CAIYiyantangContent;
			sourceTree = "<group>";
		};
		4BC920501A415945006193DA /* CAIYiyantangList */ = {
			isa = PBXGroup;
			children = (
				4BC920511A415945006193DA /* CAIYiyantang.h */,
				4BC920521A415945006193DA /* CAIYiyantang.m */,
				4BC920531A415945006193DA /* CAIYiyantangListResult.h */,
				4BC920541A415945006193DA /* CAIYiyantangListResult.m */,
			);
			path = CAIYiyantangList;
			sourceTree = "<group>";
		};
		4BC920551A415945006193DA /* CAIYiyantangRefresh */ = {
			isa = PBXGroup;
			children = (
				4BC920561A415945006193DA /* CAIYiyantangRefreshResult.h */,
				4BC920571A415945006193DA /* CAIYiyantangRefreshResult.m */,
			);
			path = CAIYiyantangRefresh;
			sourceTree = "<group>";
		};
		4BC920851A415C46006193DA /* Tools */ = {
			isa = PBXGroup;
			children = (
				4BC920891A415C81006193DA /* MD5Tool.h */,
				4BC9208A1A415C81006193DA /* MD5Tool.m */,
				4BC920861A415C46006193DA /* OpenUDID.h */,
				4BC920871A415C46006193DA /* OpenUDID.m */,
			);
			path = Tools;
			sourceTree = "<group>";
		};
/* End PBXGroup section */

/* Begin PBXNativeTarget section */
		4BC91F2A1A415297006193DA /* MTLSqlAdapter */ = {
			isa = PBXNativeTarget;
			buildConfigurationList = 4BC91F511A415297006193DA /* Build configuration list for PBXNativeTarget "MTLSqlAdapter" */;
			buildPhases = (
				4BC91F271A415297006193DA /* Sources */,
				4BC91F281A415297006193DA /* Frameworks */,
				4BC91F291A415297006193DA /* Resources */,
			);
			buildRules = (
			);
			dependencies = (
			);
			name = MTLSqlAdapter;
			productName = MTLSqlAdapter;
			productReference = 4BC91F2B1A415297006193DA /* MTLSqlAdapter.app */;
			productType = "com.apple.product-type.application";
		};
		4BC91F461A415297006193DA /* MTLSqlAdapterTests */ = {
			isa = PBXNativeTarget;
			buildConfigurationList = 4BC91F541A415297006193DA /* Build configuration list for PBXNativeTarget "MTLSqlAdapterTests" */;
			buildPhases = (
				4BC91F431A415297006193DA /* Sources */,
				4BC91F441A415297006193DA /* Frameworks */,
				4BC91F451A415297006193DA /* Resources */,
			);
			buildRules = (
			);
			dependencies = (
				4BC91F491A415297006193DA /* PBXTargetDependency */,
			);
			name = MTLSqlAdapterTests;
			productName = MTLSqlAdapterTests;
			productReference = 4BC91F471A415297006193DA /* MTLSqlAdapterTests.xctest */;
			productType = "com.apple.product-type.bundle.unit-test";
		};
/* End PBXNativeTarget section */

/* Begin PBXProject section */
		4BC91F231A415297006193DA /* Project object */ = {
			isa = PBXProject;
			attributes = {
				LastUpgradeCheck = 0610;
				ORGANIZATIONNAME = liyufeng;
				TargetAttributes = {
					4BC91F2A1A415297006193DA = {
						CreatedOnToolsVersion = 6.1.1;
					};
					4BC91F461A415297006193DA = {
						CreatedOnToolsVersion = 6.1.1;
						TestTargetID = 4BC91F2A1A415297006193DA;
					};
				};
			};
			buildConfigurationList = 4BC91F261A415297006193DA /* Build configuration list for PBXProject "MTLSqlAdapter" */;
			compatibilityVersion = "Xcode 3.2";
			developmentRegion = English;
			hasScannedForEncodings = 0;
			knownRegions = (
				en,
				Base,
			);
			mainGroup = 4BC91F221A415297006193DA;
			productRefGroup = 4BC91F2C1A415297006193DA /* Products */;
			projectDirPath = "";
			projectRoot = "";
			targets = (
				4BC91F2A1A415297006193DA /* MTLSqlAdapter */,
				4BC91F461A415297006193DA /* MTLSqlAdapterTests */,
			);
		};
/* End PBXProject section */

/* Begin PBXResourcesBuildPhase section */
		4BC91F291A415297006193DA /* Resources */ = {
			isa = PBXResourcesBuildPhase;
			buildActionMask = 2147483647;
			files = (
				4BC91FB61A4154F3006193DA /* Info.plist in Resources */,
				4BC91F3D1A415297006193DA /* Main.storyboard in Resources */,
				4BC91F421A415297006193DA /* LaunchScreen.xib in Resources */,
				4BC91F3F1A415297006193DA /* Images.xcassets in Resources */,
			);
			runOnlyForDeploymentPostprocessing = 0;
		};
		4BC91F451A415297006193DA /* Resources */ = {
			isa = PBXResourcesBuildPhase;
			buildActionMask = 2147483647;
			files = (
			);
			runOnlyForDeploymentPostprocessing = 0;
		};
/* End PBXResourcesBuildPhase section */

/* Begin PBXSourcesBuildPhase section */
		4BC91F271A415297006193DA /* Sources */ = {
			isa = PBXSourcesBuildPhase;
			buildActionMask = 2147483647;
			files = (
				4BC920811A415945006193DA /* CAIYiyantang.m in Sources */,
				4BC9205B1A415945006193DA /* HTTPHeader.m in Sources */,
				4BC9206D1A415945006193DA /* CAISlide.m in Sources */,
				4BC91FC11A4154F3006193DA /* NSValueTransformer+MTLInversionAdditions.m in Sources */,
				4BC91FB11A4154F3006193DA /* UIProgressView+AFNetworking.m in Sources */,
				4BC91FBD1A4154F3006193DA /* NSArray+MTLManipulationAdditions.m in Sources */,
				4BC91FAF1A4154F3006193DA /* UIButton+AFNetworking.m in Sources */,
				4BC91FBA1A4154F3006193DA /* MTLModel.m in Sources */,
				4BC91FE21A4155DA006193DA /* FMDatabaseAdditions.m in Sources */,
				4BC9206E1A415945006193DA /* CAINonDatasResult.m in Sources */,
				4BC920671A415945006193DA /* CAIComment.m in Sources */,
				4BC91FB51A4154F3006193DA /* EXTScope.m in Sources */,
				4BC920641A415945006193DA /* CAIMessageAuthenticationResult.m in Sources */,
				4BC920611A415945006193DA /* CAICommentPublishResult.m in Sources */,
				4BC91FC31A4154F3006193DA /* MTLFMDBAdapter.m in Sources */,
				4BC91FE31A4155DA006193DA /* FMDatabasePool.m in Sources */,
				4BC9207C1A415945006193DA /* CAIYiyantangCommentListResult.m in Sources */,
				4BC91FB21A4154F3006193DA /* UIRefreshControl+AFNetworking.m in Sources */,
				4BC9207F1A415945006193DA /* CAIYiyantangContentResult.m in Sources */,
				4BC9206B1A415945006193DA /* CAINews.m in Sources */,
				4BC91FAE1A4154F3006193DA /* UIAlertView+AFNetworking.m in Sources */,
				4BC9205D1A415945006193DA /* CAIAuthorNewsListResult.m in Sources */,
				4BC920751A415945006193DA /* CAISpecail.m in Sources */,
				4BC91FB81A4154F3006193DA /* MTLManagedObjectAdapter.m in Sources */,
				4BC920781A415945006193DA /* CAISubsribeResult.m in Sources */,
				4BC920821A415945006193DA /* CAIYiyantangListResult.m in Sources */,
				4BC91F341A415297006193DA /* AppDelegate.m in Sources */,
				4BC9205E1A415945006193DA /* CAIAuthorSyncResult.m in Sources */,
				4BC9207D1A415945006193DA /* CAIYiyantanContentHeader.m in Sources */,
				4BC91FA71A4154F3006193DA /* AFSecurityPolicy.m in Sources */,
				4BC920761A415945006193DA /* CAISpecailListResult.m in Sources */,
				4BC920621A415945006193DA /* CAILabel.m in Sources */,
				4BC91F311A415297006193DA /* main.m in Sources */,
				4BC920681A415945006193DA /* CAINewsCommentResult.m in Sources */,
				4BC91FBB1A4154F3006193DA /* MTLReflection.m in Sources */,
				4BC920701A415945006193DA /* CAIRegistedUser.m in Sources */,
				4BC91FDF1A4155DA006193DA /* FMDatabase+InMemoryOnDiskIO.m in Sources */,
				4BC920591A415945006193DA /* CAINet.m in Sources */,
				4BC920731A415945006193DA /* CAICate.m in Sources */,
				4BC91FA41A4154F3006193DA /* AFHTTPRequestOperationManager.m in Sources */,
				4BC91FA81A4154F3006193DA /* AFURLConnectionOperation.m in Sources */,
				4BC91FB01A4154F3006193DA /* UIImageView+AFNetworking.m in Sources */,
				4BC920651A415945006193DA /* CAIMessage.m in Sources */,
				4BC91FA31A4154F3006193DA /* AFHTTPRequestOperation.m in Sources */,
				4BC91FC21A4154F3006193DA /* NSValueTransformer+MTLPredefinedTransformerAdditions.m in Sources */,
				4BC91FAD1A4154F3006193DA /* UIActivityIndicatorView+AFNetworking.m in Sources */,
				4BC91FC01A4154F3006193DA /* NSObject+MTLComparisonAdditions.m in Sources */,
				4BC920881A415C46006193DA /* OpenUDID.m in Sources */,
				4BC91FE51A4155DA006193DA /* FMResultSet.m in Sources */,
				4BC920791A415945006193DA /* CAIUpgradeResult.m in Sources */,
				4BC920741A415945006193DA /* CAIReportResult.m in Sources */,
				4BC91FBC1A4154F3006193DA /* MTLValueTransformer.m in Sources */,
				4BC920771A415945006193DA /* CAISubsribe.m in Sources */,
				4BC91F3A1A415297006193DA /* ViewController.m in Sources */,
				4BC920581A415945006193DA /* CAIClient.m in Sources */,
				4BC920801A415945006193DA /* CAIYiyantangMember.m in Sources */,
				4BC91FA91A4154F3006193DA /* AFURLRequestSerialization.m in Sources */,
				4BC91FA51A4154F3006193DA /* AFHTTPSessionManager.m in Sources */,
				4BC91FA61A4154F3006193DA /* AFNetworkReachabilityManager.m in Sources */,
				4BC91FDE1A4155DA006193DA /* FMTokenizers.m in Sources */,
				4BC91FAA1A4154F3006193DA /* AFURLResponseSerialization.m in Sources */,
				4BC9205C1A415945006193DA /* CAIAuthor.m in Sources */,
				4BC9208E1A415ECB006193DA /* CAIDataBase.m in Sources */,
				4BC920831A415945006193DA /* CAIYiyantangRefreshResult.m in Sources */,
				4BC920601A415945006193DA /* CAICollectionResult.m in Sources */,
				4BC91FB31A4154F3006193DA /* UIWebView+AFNetworking.m in Sources */,
				4BC91FB91A4154F3006193DA /* MTLModel+NSCoding.m in Sources */,
				4BC9206A1A415945006193DA /* CAINewsContentResult.m in Sources */,
				4BC91FBF1A4154F3006193DA /* NSError+MTLModelException.m in Sources */,
				4BC91FB71A4154F3006193DA /* MTLJSONAdapter.m in Sources */,
				4BC9207E1A415945006193DA /* CAIYiyantangContent.m in Sources */,
				4BC920661A415945006193DA /* CAIMyMessageResult.m in Sources */,
				4BC91FAB1A4154F3006193DA /* AFURLSessionManager.m in Sources */,
				4BC920721A415945006193DA /* CAIAd.m in Sources */,
				4BC91FAC1A4154F3006193DA /* AFNetworkActivityIndicatorManager.m in Sources */,
				4BC920711A415945006193DA /* CAIRegistOrLoginResult.m in Sources */,
				4BC920631A415945006193DA /* CAILabelListResult.m in Sources */,
				4BC91FDD1A4155DA006193DA /* FMDatabase+FTS3.m in Sources */,
				4BC9207B1A415945006193DA /* CAIYiyantangComment.m in Sources */,
				4BC91FB41A4154F3006193DA /* EXTRuntimeExtensions.m in Sources */,
				4BC9206F1A415945006193DA /* CAIPushDetailResult.m in Sources */,
				4BC91FBE1A4154F3006193DA /* NSDictionary+MTLManipulationAdditions.m in Sources */,
				4BC9205F1A415945006193DA /* CAICollection.m in Sources */,
				4BC91FE41A4155DA006193DA /* FMDatabaseQueue.m in Sources */,
				4BC9206C1A415945006193DA /* CAINewsList.m in Sources */,
				4BC9207A1A415945006193DA /* CAIUploadImageResult.m in Sources */,
				4BC920691A415945006193DA /* CAINewsContent.m in Sources */,
				4BC9208B1A415C81006193DA /* MD5Tool.m in Sources */,
				4BC91FE11A4155DA006193DA /* FMDatabase.m in Sources */,
				4BC91F371A415297006193DA /* MTLSqlAdapter.xcdatamodeld in Sources */,
				4BC9205A1A415945006193DA /* CAINetPasser.m in Sources */,
			);
			runOnlyForDeploymentPostprocessing = 0;
		};
		4BC91F431A415297006193DA /* Sources */ = {
			isa = PBXSourcesBuildPhase;
			buildActionMask = 2147483647;
			files = (
				4BC91F4E1A415297006193DA /* MTLSqlAdapterTests.m in Sources */,
			);
			runOnlyForDeploymentPostprocessing = 0;
		};
/* End PBXSourcesBuildPhase section */

/* Begin PBXTargetDependency section */
		4BC91F491A415297006193DA /* PBXTargetDependency */ = {
			isa = PBXTargetDependency;
			target = 4BC91F2A1A415297006193DA /* MTLSqlAdapter */;
			targetProxy = 4BC91F481A415297006193DA /* PBXContainerItemProxy */;
		};
/* End PBXTargetDependency section */

/* Begin PBXVariantGroup section */
		4BC91F3B1A415297006193DA /* Main.storyboard */ = {
			isa = PBXVariantGroup;
			children = (
				4BC91F3C1A415297006193DA /* Base */,
			);
			name = Main.storyboard;
			sourceTree = "<group>";
		};
		4BC91F401A415297006193DA /* LaunchScreen.xib */ = {
			isa = PBXVariantGroup;
			children = (
				4BC91F411A415297006193DA /* Base */,
			);
			name = LaunchScreen.xib;
			sourceTree = "<group>";
		};
/* End PBXVariantGroup section */

/* Begin XCBuildConfiguration section */
		4BC91F4F1A415297006193DA /* Debug */ = {
			isa = XCBuildConfiguration;
			buildSettings = {
				ALWAYS_SEARCH_USER_PATHS = NO;
				CLANG_CXX_LANGUAGE_STANDARD = "gnu++0x";
				CLANG_CXX_LIBRARY = "libc++";
				CLANG_ENABLE_MODULES = YES;
				CLANG_ENABLE_OBJC_ARC = YES;
				CLANG_WARN_BOOL_CONVERSION = YES;
				CLANG_WARN_CONSTANT_CONVERSION = YES;
				CLANG_WARN_DIRECT_OBJC_ISA_USAGE = YES_ERROR;
				CLANG_WARN_EMPTY_BODY = YES;
				CLANG_WARN_ENUM_CONVERSION = YES;
				CLANG_WARN_INT_CONVERSION = YES;
				CLANG_WARN_OBJC_ROOT_CLASS = YES_ERROR;
				CLANG_WARN_UNREACHABLE_CODE = YES;
				CLANG_WARN__DUPLICATE_METHOD_MATCH = YES;
				"CODE_SIGN_IDENTITY[sdk=iphoneos*]" = "iPhone Developer";
				COPY_PHASE_STRIP = NO;
				ENABLE_STRICT_OBJC_MSGSEND = YES;
				GCC_C_LANGUAGE_STANDARD = gnu99;
				GCC_DYNAMIC_NO_PIC = NO;
				GCC_OPTIMIZATION_LEVEL = 0;
				GCC_PREPROCESSOR_DEFINITIONS = (
					"DEBUG=1",
					"$(inherited)",
				);
				GCC_SYMBOLS_PRIVATE_EXTERN = NO;
				GCC_WARN_64_TO_32_BIT_CONVERSION = YES;
				GCC_WARN_ABOUT_RETURN_TYPE = YES_ERROR;
				GCC_WARN_UNDECLARED_SELECTOR = YES;
				GCC_WARN_UNINITIALIZED_AUTOS = YES_AGGRESSIVE;
				GCC_WARN_UNUSED_FUNCTION = YES;
				GCC_WARN_UNUSED_VARIABLE = YES;
				IPHONEOS_DEPLOYMENT_TARGET = 8.1;
				MTL_ENABLE_DEBUG_INFO = YES;
				ONLY_ACTIVE_ARCH = YES;
				SDKROOT = iphoneos;
				TARGETED_DEVICE_FAMILY = "1,2";
			};
			name = Debug;
		};
		4BC91F501A415297006193DA /* Release */ = {
			isa = XCBuildConfiguration;
			buildSettings = {
				ALWAYS_SEARCH_USER_PATHS = NO;
				CLANG_CXX_LANGUAGE_STANDARD = "gnu++0x";
				CLANG_CXX_LIBRARY = "libc++";
				CLANG_ENABLE_MODULES = YES;
				CLANG_ENABLE_OBJC_ARC = YES;
				CLANG_WARN_BOOL_CONVERSION = YES;
				CLANG_WARN_CONSTANT_CONVERSION = YES;
				CLANG_WARN_DIRECT_OBJC_ISA_USAGE = YES_ERROR;
				CLANG_WARN_EMPTY_BODY = YES;
				CLANG_WARN_ENUM_CONVERSION = YES;
				CLANG_WARN_INT_CONVERSION = YES;
				CLANG_WARN_OBJC_ROOT_CLASS = YES_ERROR;
				CLANG_WARN_UNREACHABLE_CODE = YES;
				CLANG_WARN__DUPLICATE_METHOD_MATCH = YES;
				"CODE_SIGN_IDENTITY[sdk=iphoneos*]" = "iPhone Developer";
				COPY_PHASE_STRIP = YES;
				ENABLE_NS_ASSERTIONS = NO;
				ENABLE_STRICT_OBJC_MSGSEND = YES;
				GCC_C_LANGUAGE_STANDARD = gnu99;
				GCC_WARN_64_TO_32_BIT_CONVERSION = YES;
				GCC_WARN_ABOUT_RETURN_TYPE = YES_ERROR;
				GCC_WARN_UNDECLARED_SELECTOR = YES;
				GCC_WARN_UNINITIALIZED_AUTOS = YES_AGGRESSIVE;
				GCC_WARN_UNUSED_FUNCTION = YES;
				GCC_WARN_UNUSED_VARIABLE = YES;
				IPHONEOS_DEPLOYMENT_TARGET = 8.1;
				MTL_ENABLE_DEBUG_INFO = NO;
				SDKROOT = iphoneos;
				TARGETED_DEVICE_FAMILY = "1,2";
				VALIDATE_PRODUCT = YES;
			};
			name = Release;
		};
		4BC91F521A415297006193DA /* Debug */ = {
			isa = XCBuildConfiguration;
			buildSettings = {
				ASSETCATALOG_COMPILER_APPICON_NAME = AppIcon;
				INFOPLIST_FILE = MTLSqlAdapter/Info.plist;
				LD_RUNPATH_SEARCH_PATHS = "$(inherited) @executable_path/Frameworks";
				PRODUCT_NAME = "$(TARGET_NAME)";
			};
			name = Debug;
		};
		4BC91F531A415297006193DA /* Release */ = {
			isa = XCBuildConfiguration;
			buildSettings = {
				ASSETCATALOG_COMPILER_APPICON_NAME = AppIcon;
				INFOPLIST_FILE = MTLSqlAdapter/Info.plist;
				LD_RUNPATH_SEARCH_PATHS = "$(inherited) @executable_path/Frameworks";
				PRODUCT_NAME = "$(TARGET_NAME)";
			};
			name = Release;
		};
		4BC91F551A415297006193DA /* Debug */ = {
			isa = XCBuildConfiguration;
			buildSettings = {
				BUNDLE_LOADER = "$(TEST_HOST)";
				FRAMEWORK_SEARCH_PATHS = (
					"$(SDKROOT)/Developer/Library/Frameworks",
					"$(inherited)",
				);
				GCC_PREPROCESSOR_DEFINITIONS = (
					"DEBUG=1",
					"$(inherited)",
				);
				INFOPLIST_FILE = MTLSqlAdapterTests/Info.plist;
				LD_RUNPATH_SEARCH_PATHS = "$(inherited) @executable_path/Frameworks @loader_path/Frameworks";
				PRODUCT_NAME = "$(TARGET_NAME)";
				TEST_HOST = "$(BUILT_PRODUCTS_DIR)/MTLSqlAdapter.app/MTLSqlAdapter";
			};
			name = Debug;
		};
		4BC91F561A415297006193DA /* Release */ = {
			isa = XCBuildConfiguration;
			buildSettings = {
				BUNDLE_LOADER = "$(TEST_HOST)";
				FRAMEWORK_SEARCH_PATHS = (
					"$(SDKROOT)/Developer/Library/Frameworks",
					"$(inherited)",
				);
				INFOPLIST_FILE = MTLSqlAdapterTests/Info.plist;
				LD_RUNPATH_SEARCH_PATHS = "$(inherited) @executable_path/Frameworks @loader_path/Frameworks";
				PRODUCT_NAME = "$(TARGET_NAME)";
				TEST_HOST = "$(BUILT_PRODUCTS_DIR)/MTLSqlAdapter.app/MTLSqlAdapter";
			};
			name = Release;
		};
/* End XCBuildConfiguration section */

/* Begin XCConfigurationList section */
		4BC91F261A415297006193DA /* Build configuration list for PBXProject "MTLSqlAdapter" */ = {
			isa = XCConfigurationList;
			buildConfigurations = (
				4BC91F4F1A415297006193DA /* Debug */,
				4BC91F501A415297006193DA /* Release */,
			);
			defaultConfigurationIsVisible = 0;
			defaultConfigurationName = Release;
		};
		4BC91F511A415297006193DA /* Build configuration list for PBXNativeTarget "MTLSqlAdapter" */ = {
			isa = XCConfigurationList;
			buildConfigurations = (
				4BC91F521A415297006193DA /* Debug */,
				4BC91F531A415297006193DA /* Release */,
			);
			defaultConfigurationIsVisible = 0;
		};
		4BC91F541A415297006193DA /* Build configuration list for PBXNativeTarget "MTLSqlAdapterTests" */ = {
			isa = XCConfigurationList;
			buildConfigurations = (
				4BC91F551A415297006193DA /* Debug */,
				4BC91F561A415297006193DA /* Release */,
			);
			defaultConfigurationIsVisible = 0;
		};
/* End XCConfigurationList section */

/* Begin XCVersionGroup section */
		4BC91F351A415297006193DA /* MTLSqlAdapter.xcdatamodeld */ = {
			isa = XCVersionGroup;
			children = (
				4BC91F361A415297006193DA /* MTLSqlAdapter.xcdatamodel */,
			);
			currentVersion = 4BC91F361A415297006193DA /* MTLSqlAdapter.xcdatamodel */;
			path = MTLSqlAdapter.xcdatamodeld;
			sourceTree = "<group>";
			versionGroupType = wrapper.xcdatamodel;
		};
/* End XCVersionGroup section */
	};
	rootObject = 4BC91F231A415297006193DA /* Project object */;
}
